// !$*UTF8*$!
{
	archiveVersion = 1;
	classes = {
	};
	objectVersion = 46;
	objects = {

/* Begin PBXBuildFile section */
		603720054210527C6A6FC624 /* TileBigType.swift in Sources */ = {isa = PBXBuildFile; fileRef = 6037201486D3725D2522E588 /* TileBigType.swift */; };
		60372042FF5869F579020DE4 /* Solid_01000101.png in Resources */ = {isa = PBXBuildFile; fileRef = 60372C27458710EE3CAF1422 /* Solid_01000101.png */; };
		6037205BA09306547E09874D /* Background_1011.png in Resources */ = {isa = PBXBuildFile; fileRef = 60372D1276C7C49881DF9F9B /* Background_1011.png */; };
		6037205C1E96E23B8C30B1D5 /* EntityViewTemplate.swift in Sources */ = {isa = PBXBuildFile; fileRef = 60372F6315DE6466F921EE2C /* EntityViewTemplate.swift */; };
		603720A74C1D8956A66DF787 /* TileTypeMap.swift in Sources */ = {isa = PBXBuildFile; fileRef = 6037258A83C086CE17FC8696 /* TileTypeMap.swift */; };
		603720A8884972B49755EB6D /* OptionalNodeView.swift in Sources */ = {isa = PBXBuildFile; fileRef = 603720DA6D3763006D2C17BD /* OptionalNodeView.swift */; };
		603720ACFE1D9A74392C807E /* Solid_00010001.png in Resources */ = {isa = PBXBuildFile; fileRef = 60372F0D070034D68E94029F /* Solid_00010001.png */; };
		603720B0C68EC49DD45DEF86 /* Solid_01110001.png in Resources */ = {isa = PBXBuildFile; fileRef = 60372F574AC44236427EC484 /* Solid_01110001.png */; };
		603720D47F112FD6C4E6B795 /* ChunkTilePos.swift in Sources */ = {isa = PBXBuildFile; fileRef = 60372467372F33A2ED3D68E2 /* ChunkTilePos.swift */; };
		603720E6402D4A2DC5277386 /* Background_1000.png in Resources */ = {isa = PBXBuildFile; fileRef = 603722E6C34EAE4BEE6E8396 /* Background_1000.png */; };
		603720E6A5314424D69B299C /* WorldLoader.swift in Sources */ = {isa = PBXBuildFile; fileRef = 603729D266E508421F2C97DF /* WorldLoader.swift */; };
		603720E8FA5EB0FBBB9AD848 /* Player.png in Resources */ = {isa = PBXBuildFile; fileRef = 603728110DB9E8439CBA919E /* Player.png */; };
		603720EED3432D225D4AB28A /* Line.swift in Sources */ = {isa = PBXBuildFile; fileRef = 603723E11DC58743C396CADA /* Line.swift */; };
		6037210F4C2125B03FBAFD37 /* Solid_11011101.png in Resources */ = {isa = PBXBuildFile; fileRef = 60372793EE3E3F5B387E02F0 /* Solid_11011101.png */; };
		6037210FD315A60767837E7C /* ChunkTilePos3D.swift in Sources */ = {isa = PBXBuildFile; fileRef = 603723EB298C8C4C31775F9C /* ChunkTilePos3D.swift */; };
		60372125DF2FB2566A36CFBA /* World.swift in Sources */ = {isa = PBXBuildFile; fileRef = 60372F8C49AC2D64B6F4CFF0 /* World.swift */; };
		60372145CA9D652FB93EC226 /* Solid_00000001.png in Resources */ = {isa = PBXBuildFile; fileRef = 6037209467ED1A4354E10F98 /* Solid_00000001.png */; };
		60372167C32936885C31DBC1 /* Square_jitsuUITests.swift in Sources */ = {isa = PBXBuildFile; fileRef = 6037260087AD070442393B87 /* Square_jitsuUITests.swift */; };
		60372179A106725B5B4ECA15 /* Solid_01110111.png in Resources */ = {isa = PBXBuildFile; fileRef = 60372730D0456096C68366F6 /* Solid_01110111.png */; };
		603721A16CA7F063CB42B514 /* SingleSpawnMetadata.swift in Sources */ = {isa = PBXBuildFile; fileRef = 6037202F1D559B6DA1DD5B76 /* SingleSpawnMetadata.swift */; };
		603721C864848DF56EE1D261 /* WorldTilePos.swift in Sources */ = {isa = PBXBuildFile; fileRef = 6037282E35A502EC5025BC0F /* WorldTilePos.swift */; };
		603721DA5091024870B57A87 /* Chunk.swift in Sources */ = {isa = PBXBuildFile; fileRef = 60372084FA403F9E4569B057 /* Chunk.swift */; };
		60372205D7FCFEA10CAD59B2 /* Solid_11111111.png in Resources */ = {isa = PBXBuildFile; fileRef = 60372139BB1D0207852E174A /* Solid_11111111.png */; };
		6037220ABD4B49634D27D6B7 /* Int.swift in Sources */ = {isa = PBXBuildFile; fileRef = 60372923EE2506C293607B34 /* Int.swift */; };
		60372239A7B0BC495D8F9B6E /* PlayerSpawnMetadata.swift in Sources */ = {isa = PBXBuildFile; fileRef = 603726D514A00370B00D16B9 /* PlayerSpawnMetadata.swift */; };
		6037224E2BE9D559F82358D6 /* WorldTilePos3D.swift in Sources */ = {isa = PBXBuildFile; fileRef = 60372FF71E5F93F6717798D7 /* WorldTilePos3D.swift */; };
		603722508C3C8563153BA05E /* Observable.swift in Sources */ = {isa = PBXBuildFile; fileRef = 60372146CC14CBAFDE4818B7 /* Observable.swift */; };
		60372261DB56A730A45ACFAF /* TestBackground.png in Resources */ = {isa = PBXBuildFile; fileRef = 60372DDC185F32DAD396B6CB /* TestBackground.png */; };
		603722759084BE89A5E3EE4E /* ReadonlyChunk.swift in Sources */ = {isa = PBXBuildFile; fileRef = 6037223952A7586649D113A3 /* ReadonlyChunk.swift */; };
		60372276813626DA0ED511E9 /* Array.swift in Sources */ = {isa = PBXBuildFile; fileRef = 6037263EFB615B07FCEA2915 /* Array.swift */; };
		603722A8D9EAB8C441F08136 /* Solid_01111111.png in Resources */ = {isa = PBXBuildFile; fileRef = 6037252F33F92D64EB95B8B4 /* Solid_01111111.png */; };
		603722E764D18F5A35028B76 /* Background_1001.png in Resources */ = {isa = PBXBuildFile; fileRef = 60372BCA68289D60EE9A792F /* Background_1001.png */; };
		603722F5C23636D121B24F46 /* DestroyOnCollideComponent.swift in Sources */ = {isa = PBXBuildFile; fileRef = 60372CE5DFBCF586AEEBB314 /* DestroyOnCollideComponent.swift */; };
		60372342ADB20DA673105FDE /* Main.storyboard in Resources */ = {isa = PBXBuildFile; fileRef = 60372BF55B9BD2D1F0B40775 /* Main.storyboard */; };
		603723DCFF833E456744F1F3 /* WorldChunkPos.swift in Sources */ = {isa = PBXBuildFile; fileRef = 6037262AA1AED704902E3CDE /* WorldChunkPos.swift */; };
		6037241253CAC34C4C70122D /* MapTable.swift in Sources */ = {isa = PBXBuildFile; fileRef = 60372D7F90C80393B2872D13 /* MapTable.swift */; };
		60372419359D2E15787CE14C /* MovementSystem.swift in Sources */ = {isa = PBXBuildFile; fileRef = 60372FD98BBCF35967E69D56 /* MovementSystem.swift */; };
		603724319B6377AE0E345281 /* Angle.swift in Sources */ = {isa = PBXBuildFile; fileRef = 60372571C481CF9573B6E0B8 /* Angle.swift */; };
		603724471CDDFC9CA76D0704 /* WorldController.swift in Sources */ = {isa = PBXBuildFile; fileRef = 60372F2A8E94B0B12597AD4B /* WorldController.swift */; };
		6037245EB2FC240589BCE506 /* System.swift in Sources */ = {isa = PBXBuildFile; fileRef = 603720DCBEEC95F7BD155D5F /* System.swift */; };
		603724622645BE65D5BAA3C5 /* Solid_00000000+.png in Resources */ = {isa = PBXBuildFile; fileRef = 6037276E9FE61A24D65F0A6D /* Solid_00000000+.png */; };
		60372475837C7EAA878E93FE /* Solid_00010101.png in Resources */ = {isa = PBXBuildFile; fileRef = 60372E768CF3C49821058391 /* Solid_00010101.png */; };
		6037248933DA765CC5B23E44 /* Solid_11110101.png in Resources */ = {isa = PBXBuildFile; fileRef = 603720E96FF5F7E27A09D873 /* Solid_11110101.png */; };
		6037248A75F1B97DC822AB6E /* Solid_01111100.png in Resources */ = {isa = PBXBuildFile; fileRef = 603727D8AC6C768DAAA6B2E5 /* Solid_01111100.png */; };
		603724A3D7D76AF6242852C8 /* Background_1110.png in Resources */ = {isa = PBXBuildFile; fileRef = 60372E001F8E582E7AFAFE0D /* Background_1110.png */; };
		603724BCCC2D2BE0C8391711 /* Camera.swift in Sources */ = {isa = PBXBuildFile; fileRef = 6037290076A7ABE8B66636FF /* Camera.swift */; };
		603724E24E1675E9D076B5CD /* Background_0111.png in Resources */ = {isa = PBXBuildFile; fileRef = 6037288FEA244D0DB09391F4 /* Background_0111.png */; };
		603725AA48D8FCF630F11FFD /* Solid_00011101.png in Resources */ = {isa = PBXBuildFile; fileRef = 603724FDCE9126BCD6DF97C7 /* Solid_00011101.png */; };
		603725CC3E5CDA1C98D646A7 /* CollisionSystem.swift in Sources */ = {isa = PBXBuildFile; fileRef = 6037297B56E10D29A04EE356 /* CollisionSystem.swift */; };
		603725E0DB1815DAEAD7351D /* Constants.swift in Sources */ = {isa = PBXBuildFile; fileRef = 603721CDC3EB0C1AFDF84EA8 /* Constants.swift */; };
		603725EEF59014703D6C7EE3 /* Corner.swift in Sources */ = {isa = PBXBuildFile; fileRef = 603727D290E27DBAB7CE1186 /* Corner.swift */; };
		603725F9D70170DA20DE7236 /* Background_0010.png in Resources */ = {isa = PBXBuildFile; fileRef = 603729C5691E488615C2E99A /* Background_0010.png */; };
		603725FB1F59386DBE33BAD0 /* Solid_00011111.png in Resources */ = {isa = PBXBuildFile; fileRef = 60372E2AB303D1E12F2FA1E3 /* Solid_00011111.png */; };
		6037263E95418DD8E706F6BA /* Solid_01011100.png in Resources */ = {isa = PBXBuildFile; fileRef = 60372FADE4B76C0E2F522AAC /* Solid_01011100.png */; };
		6037265D6EBD6216A53C572A /* Settings.swift in Sources */ = {isa = PBXBuildFile; fileRef = 60372BFD6D7CCC98EA84A133 /* Settings.swift */; };
		6037265F21CEBE7CEA60A43D /* Solid_11111101.png in Resources */ = {isa = PBXBuildFile; fileRef = 6037296EE9EB60270083E1DC /* Solid_11111101.png */; };
		603726809EDC76B443E6AABB /* Solid_00000100.png in Resources */ = {isa = PBXBuildFile; fileRef = 60372F01C592D4A49FB36867 /* Solid_00000100.png */; };
		6037268742F999E9E7BB6411 /* TileType.swift in Sources */ = {isa = PBXBuildFile; fileRef = 6037207424AF46F4BF526BF8 /* TileType.swift */; };
		6037268F056126DC76777FC6 /* Background_1111.png in Resources */ = {isa = PBXBuildFile; fileRef = 60372D0D8D34EEE72EB0EF34 /* Background_1111.png */; };
		6037269C9D238B99242B406E /* Solid_11011111.png in Resources */ = {isa = PBXBuildFile; fileRef = 60372CCE76575C8C55A5B82C /* Solid_11011111.png */; };
		603726D554601F2FC1633AC8 /* Solid_01110100.png in Resources */ = {isa = PBXBuildFile; fileRef = 6037294B3D6D70F9671C7EE5 /* Solid_01110100.png */; };
		603726F55CF8C89F226864BB /* CGFloat.swift in Sources */ = {isa = PBXBuildFile; fileRef = 603724BD230617172A7D7871 /* CGFloat.swift */; };
		603726F658D4DCF73B5D2BA2 /* TileMetadata.swift in Sources */ = {isa = PBXBuildFile; fileRef = 6037222105002ACD47BF2703 /* TileMetadata.swift */; };
		603727338DBAC686B956D941 /* View.swift in Sources */ = {isa = PBXBuildFile; fileRef = 603722995456B1959BEBF402 /* View.swift */; };
		60372786285BD054C6241A10 /* ChunkView.swift in Sources */ = {isa = PBXBuildFile; fileRef = 60372372C8C6F8044942C5DD /* ChunkView.swift */; };
		60372794C4E30DA4C1095040 /* Background_0100.png in Resources */ = {isa = PBXBuildFile; fileRef = 60372DF22D2C4626A9B6FB22 /* Background_0100.png */; };
		6037279DA25FB1A1C32CA8C3 /* Publisher.swift in Sources */ = {isa = PBXBuildFile; fileRef = 60372D7F7A5B342C08A7C630 /* Publisher.swift */; };
		603727BED938A552AF43FF2D /* MovingComponent.swift in Sources */ = {isa = PBXBuildFile; fileRef = 603722BBFF197F422108635C /* MovingComponent.swift */; };
		603727C0E0DA0D95570A321D /* Solid_01000100.png in Resources */ = {isa = PBXBuildFile; fileRef = 603723003C3609B7E70A5D34 /* Solid_01000100.png */; };
		603727E797D30C1070912880 /* Dictionary.swift in Sources */ = {isa = PBXBuildFile; fileRef = 60372CAF8C4CD3A3F0C18B5B /* Dictionary.swift */; };
		603727ED4FBFC4FFBC33AD45 /* StaticTileViewTemplate.swift in Sources */ = {isa = PBXBuildFile; fileRef = 60372BA5B3D93AD90F692624 /* StaticTileViewTemplate.swift */; };
		603727FF3AE03B2110F660BF /* LocationSystem.swift in Sources */ = {isa = PBXBuildFile; fileRef = 60372F2656B49C3F0C65A5B1 /* LocationSystem.swift */; };
		60372803B013A1CD3A69E9CA /* Background_1100.png in Resources */ = {isa = PBXBuildFile; fileRef = 60372373B7AAE116859888D7 /* Background_1100.png */; };
		603728225BA8F629721264E1 /* Player.pxm in Resources */ = {isa = PBXBuildFile; fileRef = 60372E8E782E26BED3882289 /* Player.pxm */; };
		60372824C529BE305EBFFA67 /* TileViewTemplate.swift in Sources */ = {isa = PBXBuildFile; fileRef = 60372D6AFCE54D359FA57533 /* TileViewTemplate.swift */; };
		6037286582F7F5834C0AFBE6 /* Solid-8Square.pxm in Resources */ = {isa = PBXBuildFile; fileRef = 603727BA983239E0F1566607 /* Solid-8Square.pxm */; };
		60372886DC8883F8154109A2 /* TestSolid.png in Resources */ = {isa = PBXBuildFile; fileRef = 60372CFB10C617097C360C4A /* TestSolid.png */; };
		6037288726D1D59D200EF215 /* WorldView.swift in Sources */ = {isa = PBXBuildFile; fileRef = 6037257B2CA60E40782FD161 /* WorldView.swift */; };
		6037288CD7D975A5BE18DBFA /* GameScene.swift in Sources */ = {isa = PBXBuildFile; fileRef = 603728B9CC00445233EAD326 /* GameScene.swift */; };
		603728A2A1CF95E59D85C45A /* StaticEntityViewTemplate.swift in Sources */ = {isa = PBXBuildFile; fileRef = 60372C95D8F7C02012E61CB9 /* StaticEntityViewTemplate.swift */; };
		603728CA2E7CF0CE86FD11A5 /* Solid_01111101.png in Resources */ = {isa = PBXBuildFile; fileRef = 60372A167303AA27966A062B /* Solid_01111101.png */; };
		603728CDCB27F4B4EC454AC3 /* Square_jitsuTests.swift in Sources */ = {isa = PBXBuildFile; fileRef = 60372BC9DEB0467C3EE9E02F /* Square_jitsuTests.swift */; };
		6037290ABE9499D36BE5152B /* AppDelegate.swift in Sources */ = {isa = PBXBuildFile; fileRef = 603723E2802AFAD5947B6A16 /* AppDelegate.swift */; };
		60372911DAC441DD6A10559B /* FixedUpdater.swift in Sources */ = {isa = PBXBuildFile; fileRef = 60372B848C62B50F19E2A43D /* FixedUpdater.swift */; };
		6037291CFD785678848786AC /* Solid-8Square.png in Resources */ = {isa = PBXBuildFile; fileRef = 60372CCEA7EBC95CF7C3EA7D /* Solid-8Square.png */; };
		60372992AD1C7F717B5B4EA9 /* TileView.swift in Sources */ = {isa = PBXBuildFile; fileRef = 6037202092A585319A6389BC /* TileView.swift */; };
		6037299C6DB44673F4A1131B /* Solid_11110111.png in Resources */ = {isa = PBXBuildFile; fileRef = 60372C36A15FD13A052A7E6D /* Solid_11110111.png */; };
		603729AC442AC3488CABC8F3 /* Solid_11010001.png in Resources */ = {isa = PBXBuildFile; fileRef = 60372CC09ACD9121F88F1816 /* Solid_11010001.png */; };
		60372A0031433FDC0B15FCBA /* Solid_00000111.png in Resources */ = {isa = PBXBuildFile; fileRef = 603724B6F23EE04AB7EC6E2C /* Solid_00000111.png */; };
		60372A4B45ACBB004DEB2923 /* Solid_11110001.png in Resources */ = {isa = PBXBuildFile; fileRef = 60372F5250EC51980A5F57A9 /* Solid_11110001.png */; };
		60372A5CEB1F3C3AE34B936D /* EmptyTileMetadata.swift in Sources */ = {isa = PBXBuildFile; fileRef = 60372877647D69D64BFAAA80 /* EmptyTileMetadata.swift */; };
		60372AAABB4C97340FFBE68C /* Solid_00010000.png in Resources */ = {isa = PBXBuildFile; fileRef = 603721380849E57ECFEF1620 /* Solid_00010000.png */; };
		60372AB4E8404AAA2A31F2CB /* Background-8Diamond.png in Resources */ = {isa = PBXBuildFile; fileRef = 603725A65B8EBFE26814CBA8 /* Background-8Diamond.png */; };
		60372AE90D5211BF33A045B6 /* LocationComponent.swift in Sources */ = {isa = PBXBuildFile; fileRef = 603728ABFDD7DE0ABDF697FC /* LocationComponent.swift */; };
		60372AF7D6E7D8008E6661A8 /* CGPoint.swift in Sources */ = {isa = PBXBuildFile; fileRef = 60372A70EAB3F8CC4BADC36D /* CGPoint.swift */; };
		60372B017F0C43EBB3B7AAD6 /* Solid_01000111.png in Resources */ = {isa = PBXBuildFile; fileRef = 6037221BA64B5B5F4AFD1D86 /* Solid_01000111.png */; };
		60372B72CD5B8A3757B71DB5 /* Solid_11000001.png in Resources */ = {isa = PBXBuildFile; fileRef = 60372A97DAE46F697CDE5AF8 /* Solid_11000001.png */; };
		60372B7B0541A517E86AF095 /* Solid_11010111.png in Resources */ = {isa = PBXBuildFile; fileRef = 60372B8767CFA62628D74128 /* Solid_11010111.png */; };
		60372B94BA75C320EFD6B24C /* Solid_01010001.png in Resources */ = {isa = PBXBuildFile; fileRef = 60372C5272F6CAD378178DC6 /* Solid_01010001.png */; };
		60372B9768574B7823138051 /* Background_0110.png in Resources */ = {isa = PBXBuildFile; fileRef = 6037213C58D344313DB4F996 /* Background_0110.png */; };
		60372B99ABE47873163E2ACC /* Background_1010.png in Resources */ = {isa = PBXBuildFile; fileRef = 6037230800D437C7AAA3D7C4 /* Background_1010.png */; };
		60372BAEEA720EFD15B48E7B /* Axis.swift in Sources */ = {isa = PBXBuildFile; fileRef = 603723DB7AA93C5874C06474 /* Axis.swift */; };
		60372BCA9D5B050BF4D7663A /* CGSize.swift in Sources */ = {isa = PBXBuildFile; fileRef = 603723A74864BBCB2355887F /* CGSize.swift */; };
		60372BCD414CE2376CBD7BCE /* SideSet.swift in Sources */ = {isa = PBXBuildFile; fileRef = 60372B6EADAA22B93A11AEC2 /* SideSet.swift */; };
		60372BEF0C2FEFA325D14840 /* Solid_00010111.png in Resources */ = {isa = PBXBuildFile; fileRef = 60372C250F684E68E1AB21DE /* Solid_00010111.png */; };
		60372C09F4D46EAB8F666D5E /* Solid_01011101.png in Resources */ = {isa = PBXBuildFile; fileRef = 60372BA83FD3A0B9730B97DC /* Solid_01011101.png */; };
		60372C4B5B98EA76FAA99A82 /* HasDefault.swift in Sources */ = {isa = PBXBuildFile; fileRef = 603728AE62862305FF05978B /* HasDefault.swift */; };
		60372C6395FB70227280F41C /* Solid_11000111.png in Resources */ = {isa = PBXBuildFile; fileRef = 60372C9B1FF739FE04F6EA5D /* Solid_11000111.png */; };
		60372CD1F7D0F1155370417A /* Solid_01110101.png in Resources */ = {isa = PBXBuildFile; fileRef = 6037266A57B0BBEE784DAF4F /* Solid_01110101.png */; };
		60372CD994734C8100B50EAD /* Background_0001.png in Resources */ = {isa = PBXBuildFile; fileRef = 60372F627D29167418863F45 /* Background_0001.png */; };
		60372CDD02C0A8324A69A253 /* LaunchScreen.storyboard in Resources */ = {isa = PBXBuildFile; fileRef = 603724A711AB7B35515C30DC /* LaunchScreen.storyboard */; };
		60372D122382B3FECAFE2D96 /* Background-8Diamond.pxm in Resources */ = {isa = PBXBuildFile; fileRef = 60372B5E05E23C2789813B8B /* Background-8Diamond.pxm */; };
		60372D28FFFABB395BF29CDD /* PhysicsComponent.swift in Sources */ = {isa = PBXBuildFile; fileRef = 6037266B9C9B9031878FF6ED /* PhysicsComponent.swift */; };
		60372D316C381B34570A0311 /* TileLayer.swift in Sources */ = {isa = PBXBuildFile; fileRef = 6037299BEB355C8BF1F09FE0 /* TileLayer.swift */; };
		60372D5082BB5C84E14E0A02 /* AxisSet.swift in Sources */ = {isa = PBXBuildFile; fileRef = 603722893A2A55D63679E110 /* AxisSet.swift */; };
		60372D6DDE37E42226ABE6F0 /* Background_0000.png in Resources */ = {isa = PBXBuildFile; fileRef = 60372B77FDF2469C37F5EE23 /* Background_0000.png */; };
		60372D8DCE62C825351080B3 /* TileSmallType.swift in Sources */ = {isa = PBXBuildFile; fileRef = 603725454221FC6F401669AD /* TileSmallType.swift */; };
		60372DB408ED33FFE1E4D07B /* Solid_01110000.png in Resources */ = {isa = PBXBuildFile; fileRef = 60372491D8BF933E1A31C3FE /* Solid_01110000.png */; };
		60372DFCD84A31F0FBB665BA /* FBRange.swift in Sources */ = {isa = PBXBuildFile; fileRef = 60372D71C1A04808263AA950 /* FBRange.swift */; };
		60372E1589C69DB9AF10507C /* PlayerCamera.swift in Sources */ = {isa = PBXBuildFile; fileRef = 60372CDA7C9C17DE0E210A1F /* PlayerCamera.swift */; };
		60372E316B1C7822E2319C15 /* Entity.swift in Sources */ = {isa = PBXBuildFile; fileRef = 6037254EE8CE82E058CBC515 /* Entity.swift */; };
		60372E330E4B14EA7E5FB9B8 /* GameViewController.swift in Sources */ = {isa = PBXBuildFile; fileRef = 60372ADCA9105A718016B0CF /* GameViewController.swift */; };
		60372E554566AE53EF1CF144 /* Solid_01000000.png in Resources */ = {isa = PBXBuildFile; fileRef = 6037264812DA557CA59A8867 /* Solid_01000000.png */; };
		60372E687195E86BDEC7EB4C /* ChunkMatrix.swift in Sources */ = {isa = PBXBuildFile; fileRef = 60372FF66E50F7CE256C8F62 /* ChunkMatrix.swift */; };
		60372E753278E4CD444BA78E /* Solid_11000101.png in Resources */ = {isa = PBXBuildFile; fileRef = 60372196AFB7DA6BA5E8D0FC /* Solid_11000101.png */; };
		60372E7C41C88351D3511116 /* Background_0011.png in Resources */ = {isa = PBXBuildFile; fileRef = 60372735B0D17A8CA3B91D9B /* Background_0011.png */; };
		60372E8B69EA21973FC40E1B /* Solid_01010111.png in Resources */ = {isa = PBXBuildFile; fileRef = 60372DEF1C502CFAA117DD0E /* Solid_01010111.png */; };
		60372EADBE8F923615556158 /* Solid_01011111.png in Resources */ = {isa = PBXBuildFile; fileRef = 603725B4032790BA22095CD7 /* Solid_01011111.png */; };
		60372EAF9064D01087AF2493 /* Side.swift in Sources */ = {isa = PBXBuildFile; fileRef = 60372AE8E35F7CC3EC73C9F6 /* Side.swift */; };
		60372EB18B5259A7E77C3616 /* CornerSet.swift in Sources */ = {isa = PBXBuildFile; fileRef = 603723AF4202D6524E42E42F /* CornerSet.swift */; };
		60372EB8DA1568D6F85A0F54 /* Solid_11010101.png in Resources */ = {isa = PBXBuildFile; fileRef = 60372D000158BAA827722D8D /* Solid_11010101.png */; };
		60372EBE92979F24446F9A99 /* Solid_00011100.png in Resources */ = {isa = PBXBuildFile; fileRef = 603724270DDD60A7019C2C1C /* Solid_00011100.png */; };
		60372F15D8715CD4DCF7A4FD /* Background_0101.png in Resources */ = {isa = PBXBuildFile; fileRef = 60372DC0D40F0EA2ECA732C4 /* Background_0101.png */; };
		60372F365890CE0E35A47EB7 /* NodeView.swift in Sources */ = {isa = PBXBuildFile; fileRef = 603725B4906AE2911B196DC3 /* NodeView.swift */; };
		60372F39BF1F217F91DE5885 /* Assets.xcassets in Resources */ = {isa = PBXBuildFile; fileRef = 6037263A1644D352F65BEE68 /* Assets.xcassets */; };
		60372F51314F727BE6E87762 /* DummyWorldLoader.swift in Sources */ = {isa = PBXBuildFile; fileRef = 60372BC00CD91D7983BFE0DA /* DummyWorldLoader.swift */; };
		60372F573A3B344695CEADB1 /* RelativePos.swift in Sources */ = {isa = PBXBuildFile; fileRef = 6037230CD8D4DBE5F5614FA7 /* RelativePos.swift */; };
		60372F5AA13453E670725754 /* Solid_01010100.png in Resources */ = {isa = PBXBuildFile; fileRef = 60372561290EF19C71DEC1D2 /* Solid_01010100.png */; };
		60372F889F433FE93EFFDA04 /* Background_1101.png in Resources */ = {isa = PBXBuildFile; fileRef = 603729E3A55BF97C8AFF7163 /* Background_1101.png */; };
		60372FAD8C04A0979567D754 /* TileOrientation.swift in Sources */ = {isa = PBXBuildFile; fileRef = 60372B683F75E896295F60FC /* TileOrientation.swift */; };
		60372FDE9A4CFF6BDC2B182A /* EntityView.swift in Sources */ = {isa = PBXBuildFile; fileRef = 60372EED53BE835DBBF98966 /* EntityView.swift */; };
		60372FF904DA758359652908 /* Solid_01010101.png in Resources */ = {isa = PBXBuildFile; fileRef = 60372EE2BC3E9DB7DF0AF295 /* Solid_01010101.png */; };
/* End PBXBuildFile section */

/* Begin PBXContainerItemProxy section */
		60372370B673AD08A6A1B621 /* PBXContainerItemProxy */ = {
			isa = PBXContainerItemProxy;
			containerPortal = 60372182C8396189B0B10819 /* Project object */;
			proxyType = 1;
			remoteGlobalIDString = 60372A61FB945561262E7FA5;
			remoteInfo = "Square-jitsu";
		};
		6037290D06CA9A5CC26B6E3D /* PBXContainerItemProxy */ = {
			isa = PBXContainerItemProxy;
			containerPortal = 60372182C8396189B0B10819 /* Project object */;
			proxyType = 1;
			remoteGlobalIDString = 60372A61FB945561262E7FA5;
			remoteInfo = "Square-jitsu";
		};
/* End PBXContainerItemProxy section */

/* Begin PBXFileReference section */
		60372003FFB3BD2833E61FB7 /* package.json */ = {isa = PBXFileReference; fileEncoding = 4; lastKnownFileType = text.json; path = package.json; sourceTree = "<group>"; };
		6037201486D3725D2522E588 /* TileBigType.swift */ = {isa = PBXFileReference; fileEncoding = 4; lastKnownFileType = sourcecode.swift; path = TileBigType.swift; sourceTree = "<group>"; };
		6037202092A585319A6389BC /* TileView.swift */ = {isa = PBXFileReference; fileEncoding = 4; lastKnownFileType = sourcecode.swift; path = TileView.swift; sourceTree = "<group>"; };
		6037202F1D559B6DA1DD5B76 /* SingleSpawnMetadata.swift */ = {isa = PBXFileReference; fileEncoding = 4; lastKnownFileType = sourcecode.swift; path = SingleSpawnMetadata.swift; sourceTree = "<group>"; };
		6037206ED1F0DB80723E4B74 /* Base */ = {isa = PBXFileReference; lastKnownFileType = file.storyboard; name = Base; path = Base.lproj/Main.storyboard; sourceTree = "<group>"; };
		6037207424AF46F4BF526BF8 /* TileType.swift */ = {isa = PBXFileReference; fileEncoding = 4; lastKnownFileType = sourcecode.swift; path = TileType.swift; sourceTree = "<group>"; };
		60372084FA403F9E4569B057 /* Chunk.swift */ = {isa = PBXFileReference; fileEncoding = 4; lastKnownFileType = sourcecode.swift; path = Chunk.swift; sourceTree = "<group>"; };
		6037209467ED1A4354E10F98 /* Solid_00000001.png */ = {isa = PBXFileReference; lastKnownFileType = image.png; path = Solid_00000001.png; sourceTree = "<group>"; };
		603720DA6D3763006D2C17BD /* OptionalNodeView.swift */ = {isa = PBXFileReference; fileEncoding = 4; lastKnownFileType = sourcecode.swift; path = OptionalNodeView.swift; sourceTree = "<group>"; };
		603720DCBEEC95F7BD155D5F /* System.swift */ = {isa = PBXFileReference; fileEncoding = 4; lastKnownFileType = sourcecode.swift; path = System.swift; sourceTree = "<group>"; };
		603720E96FF5F7E27A09D873 /* Solid_11110101.png */ = {isa = PBXFileReference; lastKnownFileType = image.png; path = Solid_11110101.png; sourceTree = "<group>"; };
		603720FFB75D9097ED1E756A /* Square-jitsu.app */ = {isa = PBXFileReference; explicitFileType = wrapper.application; includeInIndex = 0; path = "Square-jitsu.app"; sourceTree = BUILT_PRODUCTS_DIR; };
		603721380849E57ECFEF1620 /* Solid_00010000.png */ = {isa = PBXFileReference; lastKnownFileType = image.png; path = Solid_00010000.png; sourceTree = "<group>"; };
		60372139BB1D0207852E174A /* Solid_11111111.png */ = {isa = PBXFileReference; lastKnownFileType = image.png; path = Solid_11111111.png; sourceTree = "<group>"; };
		6037213C58D344313DB4F996 /* Background_0110.png */ = {isa = PBXFileReference; lastKnownFileType = image.png; path = Background_0110.png; sourceTree = "<group>"; };
		60372146CC14CBAFDE4818B7 /* Observable.swift */ = {isa = PBXFileReference; fileEncoding = 4; lastKnownFileType = sourcecode.swift; path = Observable.swift; sourceTree = "<group>"; };
		60372196AFB7DA6BA5E8D0FC /* Solid_11000101.png */ = {isa = PBXFileReference; lastKnownFileType = image.png; path = Solid_11000101.png; sourceTree = "<group>"; };
		603721CDC3EB0C1AFDF84EA8 /* Constants.swift */ = {isa = PBXFileReference; fileEncoding = 4; lastKnownFileType = sourcecode.swift; path = Constants.swift; sourceTree = "<group>"; };
		6037221BA64B5B5F4AFD1D86 /* Solid_01000111.png */ = {isa = PBXFileReference; lastKnownFileType = image.png; path = Solid_01000111.png; sourceTree = "<group>"; };
		6037222105002ACD47BF2703 /* TileMetadata.swift */ = {isa = PBXFileReference; fileEncoding = 4; lastKnownFileType = sourcecode.swift; path = TileMetadata.swift; sourceTree = "<group>"; };
		6037223952A7586649D113A3 /* ReadonlyChunk.swift */ = {isa = PBXFileReference; fileEncoding = 4; lastKnownFileType = sourcecode.swift; path = ReadonlyChunk.swift; sourceTree = "<group>"; };
		603722893A2A55D63679E110 /* AxisSet.swift */ = {isa = PBXFileReference; fileEncoding = 4; lastKnownFileType = sourcecode.swift; path = AxisSet.swift; sourceTree = "<group>"; };
		603722995456B1959BEBF402 /* View.swift */ = {isa = PBXFileReference; fileEncoding = 4; lastKnownFileType = sourcecode.swift; path = View.swift; sourceTree = "<group>"; };
		603722BBFF197F422108635C /* MovingComponent.swift */ = {isa = PBXFileReference; fileEncoding = 4; lastKnownFileType = sourcecode.swift; path = MovingComponent.swift; sourceTree = "<group>"; };
		603722E6C34EAE4BEE6E8396 /* Background_1000.png */ = {isa = PBXFileReference; lastKnownFileType = image.png; path = Background_1000.png; sourceTree = "<group>"; };
		603723003C3609B7E70A5D34 /* Solid_01000100.png */ = {isa = PBXFileReference; lastKnownFileType = image.png; path = Solid_01000100.png; sourceTree = "<group>"; };
		6037230800D437C7AAA3D7C4 /* Background_1010.png */ = {isa = PBXFileReference; lastKnownFileType = image.png; path = Background_1010.png; sourceTree = "<group>"; };
		6037230CD8D4DBE5F5614FA7 /* RelativePos.swift */ = {isa = PBXFileReference; fileEncoding = 4; lastKnownFileType = sourcecode.swift; path = RelativePos.swift; sourceTree = "<group>"; };
		60372372C8C6F8044942C5DD /* ChunkView.swift */ = {isa = PBXFileReference; fileEncoding = 4; lastKnownFileType = sourcecode.swift; path = ChunkView.swift; sourceTree = "<group>"; };
		60372373B7AAE116859888D7 /* Background_1100.png */ = {isa = PBXFileReference; lastKnownFileType = image.png; path = Background_1100.png; sourceTree = "<group>"; };
		603723A74864BBCB2355887F /* CGSize.swift */ = {isa = PBXFileReference; fileEncoding = 4; lastKnownFileType = sourcecode.swift; path = CGSize.swift; sourceTree = "<group>"; };
		603723AF4202D6524E42E42F /* CornerSet.swift */ = {isa = PBXFileReference; fileEncoding = 4; lastKnownFileType = sourcecode.swift; path = CornerSet.swift; sourceTree = "<group>"; };
		603723DB7AA93C5874C06474 /* Axis.swift */ = {isa = PBXFileReference; fileEncoding = 4; lastKnownFileType = sourcecode.swift; path = Axis.swift; sourceTree = "<group>"; };
		603723E11DC58743C396CADA /* Line.swift */ = {isa = PBXFileReference; fileEncoding = 4; lastKnownFileType = sourcecode.swift; path = Line.swift; sourceTree = "<group>"; };
		603723E2802AFAD5947B6A16 /* AppDelegate.swift */ = {isa = PBXFileReference; fileEncoding = 4; lastKnownFileType = sourcecode.swift; path = AppDelegate.swift; sourceTree = "<group>"; };
		603723EB298C8C4C31775F9C /* ChunkTilePos3D.swift */ = {isa = PBXFileReference; fileEncoding = 4; lastKnownFileType = sourcecode.swift; path = ChunkTilePos3D.swift; sourceTree = "<group>"; };
		603724270DDD60A7019C2C1C /* Solid_00011100.png */ = {isa = PBXFileReference; lastKnownFileType = image.png; path = Solid_00011100.png; sourceTree = "<group>"; };
		60372436CF4F912E3CFF2A33 /* Generate8Atlases.mjs */ = {isa = PBXFileReference; fileEncoding = 4; lastKnownFileType = file.mjs; path = Generate8Atlases.mjs; sourceTree = "<group>"; };
		60372467372F33A2ED3D68E2 /* ChunkTilePos.swift */ = {isa = PBXFileReference; fileEncoding = 4; lastKnownFileType = sourcecode.swift; path = ChunkTilePos.swift; sourceTree = "<group>"; };
		60372491D8BF933E1A31C3FE /* Solid_01110000.png */ = {isa = PBXFileReference; lastKnownFileType = image.png; path = Solid_01110000.png; sourceTree = "<group>"; };
		603724B6F23EE04AB7EC6E2C /* Solid_00000111.png */ = {isa = PBXFileReference; lastKnownFileType = image.png; path = Solid_00000111.png; sourceTree = "<group>"; };
		603724BD230617172A7D7871 /* CGFloat.swift */ = {isa = PBXFileReference; fileEncoding = 4; lastKnownFileType = sourcecode.swift; path = CGFloat.swift; sourceTree = "<group>"; };
		603724F792FFFC571B233675 /* Info.plist */ = {isa = PBXFileReference; lastKnownFileType = text.plist.info; path = Info.plist; sourceTree = "<group>"; };
		603724FDCE9126BCD6DF97C7 /* Solid_00011101.png */ = {isa = PBXFileReference; lastKnownFileType = image.png; path = Solid_00011101.png; sourceTree = "<group>"; };
		6037252F33F92D64EB95B8B4 /* Solid_01111111.png */ = {isa = PBXFileReference; lastKnownFileType = image.png; path = Solid_01111111.png; sourceTree = "<group>"; };
		603725454221FC6F401669AD /* TileSmallType.swift */ = {isa = PBXFileReference; fileEncoding = 4; lastKnownFileType = sourcecode.swift; path = TileSmallType.swift; sourceTree = "<group>"; };
		6037254EE8CE82E058CBC515 /* Entity.swift */ = {isa = PBXFileReference; fileEncoding = 4; lastKnownFileType = sourcecode.swift; path = Entity.swift; sourceTree = "<group>"; };
		60372561290EF19C71DEC1D2 /* Solid_01010100.png */ = {isa = PBXFileReference; lastKnownFileType = image.png; path = Solid_01010100.png; sourceTree = "<group>"; };
		60372571C481CF9573B6E0B8 /* Angle.swift */ = {isa = PBXFileReference; fileEncoding = 4; lastKnownFileType = sourcecode.swift; path = Angle.swift; sourceTree = "<group>"; };
		6037257B2CA60E40782FD161 /* WorldView.swift */ = {isa = PBXFileReference; fileEncoding = 4; lastKnownFileType = sourcecode.swift; path = WorldView.swift; sourceTree = "<group>"; };
		6037258A83C086CE17FC8696 /* TileTypeMap.swift */ = {isa = PBXFileReference; fileEncoding = 4; lastKnownFileType = sourcecode.swift; path = TileTypeMap.swift; sourceTree = "<group>"; };
		603725A65B8EBFE26814CBA8 /* Background-8Diamond.png */ = {isa = PBXFileReference; lastKnownFileType = image.png; path = "Background-8Diamond.png"; sourceTree = "<group>"; };
		603725B4032790BA22095CD7 /* Solid_01011111.png */ = {isa = PBXFileReference; lastKnownFileType = image.png; path = Solid_01011111.png; sourceTree = "<group>"; };
		603725B4906AE2911B196DC3 /* NodeView.swift */ = {isa = PBXFileReference; fileEncoding = 4; lastKnownFileType = sourcecode.swift; path = NodeView.swift; sourceTree = "<group>"; };
		6037260087AD070442393B87 /* Square_jitsuUITests.swift */ = {isa = PBXFileReference; lastKnownFileType = sourcecode.swift; path = Square_jitsuUITests.swift; sourceTree = "<group>"; };
		6037262AA1AED704902E3CDE /* WorldChunkPos.swift */ = {isa = PBXFileReference; fileEncoding = 4; lastKnownFileType = sourcecode.swift; path = WorldChunkPos.swift; sourceTree = "<group>"; };
		6037263A1644D352F65BEE68 /* Assets.xcassets */ = {isa = PBXFileReference; lastKnownFileType = folder.assetcatalog; path = Assets.xcassets; sourceTree = "<group>"; };
		6037263EFB615B07FCEA2915 /* Array.swift */ = {isa = PBXFileReference; fileEncoding = 4; lastKnownFileType = sourcecode.swift; path = Array.swift; sourceTree = "<group>"; };
		6037264812DA557CA59A8867 /* Solid_01000000.png */ = {isa = PBXFileReference; lastKnownFileType = image.png; path = Solid_01000000.png; sourceTree = "<group>"; };
		6037266A57B0BBEE784DAF4F /* Solid_01110101.png */ = {isa = PBXFileReference; lastKnownFileType = image.png; path = Solid_01110101.png; sourceTree = "<group>"; };
		6037266B9C9B9031878FF6ED /* PhysicsComponent.swift */ = {isa = PBXFileReference; fileEncoding = 4; lastKnownFileType = sourcecode.swift; path = PhysicsComponent.swift; sourceTree = "<group>"; };
		603726D514A00370B00D16B9 /* PlayerSpawnMetadata.swift */ = {isa = PBXFileReference; fileEncoding = 4; lastKnownFileType = sourcecode.swift; path = PlayerSpawnMetadata.swift; sourceTree = "<group>"; };
		60372730D0456096C68366F6 /* Solid_01110111.png */ = {isa = PBXFileReference; lastKnownFileType = image.png; path = Solid_01110111.png; sourceTree = "<group>"; };
		60372735B0D17A8CA3B91D9B /* Background_0011.png */ = {isa = PBXFileReference; lastKnownFileType = image.png; path = Background_0011.png; sourceTree = "<group>"; };
		6037276E9FE61A24D65F0A6D /* Solid_00000000+.png */ = {isa = PBXFileReference; lastKnownFileType = image.png; path = "Solid_00000000+.png"; sourceTree = "<group>"; };
		60372793EE3E3F5B387E02F0 /* Solid_11011101.png */ = {isa = PBXFileReference; lastKnownFileType = image.png; path = Solid_11011101.png; sourceTree = "<group>"; };
		603727BA983239E0F1566607 /* Solid-8Square.pxm */ = {isa = PBXFileReference; lastKnownFileType = file.pxm; path = "Solid-8Square.pxm"; sourceTree = "<group>"; };
		603727CF07240896178D40C5 /* Square-jitsuTests.xctest */ = {isa = PBXFileReference; explicitFileType = wrapper.cfbundle; includeInIndex = 0; path = "Square-jitsuTests.xctest"; sourceTree = BUILT_PRODUCTS_DIR; };
		603727D290E27DBAB7CE1186 /* Corner.swift */ = {isa = PBXFileReference; fileEncoding = 4; lastKnownFileType = sourcecode.swift; path = Corner.swift; sourceTree = "<group>"; };
		603727D8AC6C768DAAA6B2E5 /* Solid_01111100.png */ = {isa = PBXFileReference; lastKnownFileType = image.png; path = Solid_01111100.png; sourceTree = "<group>"; };
		603728110DB9E8439CBA919E /* Player.png */ = {isa = PBXFileReference; lastKnownFileType = image.png; path = Player.png; sourceTree = "<group>"; };
		6037281F4725D9A31589219A /* Square-jitsuUITests.xctest */ = {isa = PBXFileReference; explicitFileType = wrapper.cfbundle; includeInIndex = 0; path = "Square-jitsuUITests.xctest"; sourceTree = BUILT_PRODUCTS_DIR; };
		6037282E35A502EC5025BC0F /* WorldTilePos.swift */ = {isa = PBXFileReference; fileEncoding = 4; lastKnownFileType = sourcecode.swift; path = WorldTilePos.swift; sourceTree = "<group>"; };
		6037286E3A0D5B3FD02DC097 /* Resources */ = {isa = PBXFileReference; lastKnownFileType = folder; path = Resources; sourceTree = "<group>"; };
		60372877647D69D64BFAAA80 /* EmptyTileMetadata.swift */ = {isa = PBXFileReference; fileEncoding = 4; lastKnownFileType = sourcecode.swift; path = EmptyTileMetadata.swift; sourceTree = "<group>"; };
		6037288B5F7A8BAFB33DBD1F /* .gitignore */ = {isa = PBXFileReference; lastKnownFileType = file.gitignore; path = .gitignore; sourceTree = "<group>"; };
		6037288FEA244D0DB09391F4 /* Background_0111.png */ = {isa = PBXFileReference; lastKnownFileType = image.png; path = Background_0111.png; sourceTree = "<group>"; };
		603728ABFDD7DE0ABDF697FC /* LocationComponent.swift */ = {isa = PBXFileReference; fileEncoding = 4; lastKnownFileType = sourcecode.swift; path = LocationComponent.swift; sourceTree = "<group>"; };
		603728AE62862305FF05978B /* HasDefault.swift */ = {isa = PBXFileReference; fileEncoding = 4; lastKnownFileType = sourcecode.swift; path = HasDefault.swift; sourceTree = "<group>"; };
		603728B9CC00445233EAD326 /* GameScene.swift */ = {isa = PBXFileReference; fileEncoding = 4; lastKnownFileType = sourcecode.swift; path = GameScene.swift; sourceTree = "<group>"; };
		6037290076A7ABE8B66636FF /* Camera.swift */ = {isa = PBXFileReference; fileEncoding = 4; lastKnownFileType = sourcecode.swift; path = Camera.swift; sourceTree = "<group>"; };
		60372923EE2506C293607B34 /* Int.swift */ = {isa = PBXFileReference; fileEncoding = 4; lastKnownFileType = sourcecode.swift; path = Int.swift; sourceTree = "<group>"; };
		6037294B3D6D70F9671C7EE5 /* Solid_01110100.png */ = {isa = PBXFileReference; lastKnownFileType = image.png; path = Solid_01110100.png; sourceTree = "<group>"; };
		60372956BADBA2EBA00E5739 /* Base */ = {isa = PBXFileReference; lastKnownFileType = file.storyboard; name = Base; path = Base.lproj/LaunchScreen.storyboard; sourceTree = "<group>"; };
		6037296EE9EB60270083E1DC /* Solid_11111101.png */ = {isa = PBXFileReference; lastKnownFileType = image.png; path = Solid_11111101.png; sourceTree = "<group>"; };
		6037297B56E10D29A04EE356 /* CollisionSystem.swift */ = {isa = PBXFileReference; fileEncoding = 4; lastKnownFileType = sourcecode.swift; path = CollisionSystem.swift; sourceTree = "<group>"; };
		6037299BEB355C8BF1F09FE0 /* TileLayer.swift */ = {isa = PBXFileReference; fileEncoding = 4; lastKnownFileType = sourcecode.swift; path = TileLayer.swift; sourceTree = "<group>"; };
		603729C5691E488615C2E99A /* Background_0010.png */ = {isa = PBXFileReference; lastKnownFileType = image.png; path = Background_0010.png; sourceTree = "<group>"; };
		603729D266E508421F2C97DF /* WorldLoader.swift */ = {isa = PBXFileReference; fileEncoding = 4; lastKnownFileType = sourcecode.swift; path = WorldLoader.swift; sourceTree = "<group>"; };
		603729E3A55BF97C8AFF7163 /* Background_1101.png */ = {isa = PBXFileReference; lastKnownFileType = image.png; path = Background_1101.png; sourceTree = "<group>"; };
		60372A167303AA27966A062B /* Solid_01111101.png */ = {isa = PBXFileReference; lastKnownFileType = image.png; path = Solid_01111101.png; sourceTree = "<group>"; };
		60372A70EAB3F8CC4BADC36D /* CGPoint.swift */ = {isa = PBXFileReference; fileEncoding = 4; lastKnownFileType = sourcecode.swift; path = CGPoint.swift; sourceTree = "<group>"; };
		60372A97DAE46F697CDE5AF8 /* Solid_11000001.png */ = {isa = PBXFileReference; lastKnownFileType = image.png; path = Solid_11000001.png; sourceTree = "<group>"; };
		60372ADCA9105A718016B0CF /* GameViewController.swift */ = {isa = PBXFileReference; fileEncoding = 4; lastKnownFileType = sourcecode.swift; path = GameViewController.swift; sourceTree = "<group>"; };
		60372AE8E35F7CC3EC73C9F6 /* Side.swift */ = {isa = PBXFileReference; fileEncoding = 4; lastKnownFileType = sourcecode.swift; path = Side.swift; sourceTree = "<group>"; };
		60372B5E05E23C2789813B8B /* Background-8Diamond.pxm */ = {isa = PBXFileReference; lastKnownFileType = file.pxm; path = "Background-8Diamond.pxm"; sourceTree = "<group>"; };
		60372B683F75E896295F60FC /* TileOrientation.swift */ = {isa = PBXFileReference; fileEncoding = 4; lastKnownFileType = sourcecode.swift; path = TileOrientation.swift; sourceTree = "<group>"; };
		60372B6EADAA22B93A11AEC2 /* SideSet.swift */ = {isa = PBXFileReference; fileEncoding = 4; lastKnownFileType = sourcecode.swift; path = SideSet.swift; sourceTree = "<group>"; };
		60372B77FDF2469C37F5EE23 /* Background_0000.png */ = {isa = PBXFileReference; lastKnownFileType = image.png; path = Background_0000.png; sourceTree = "<group>"; };
		60372B848C62B50F19E2A43D /* FixedUpdater.swift */ = {isa = PBXFileReference; fileEncoding = 4; lastKnownFileType = sourcecode.swift; path = FixedUpdater.swift; sourceTree = "<group>"; };
		60372B84F37E13FD7099882A /* Info.plist */ = {isa = PBXFileReference; lastKnownFileType = text.plist.info; path = Info.plist; sourceTree = "<group>"; };
		60372B8767CFA62628D74128 /* Solid_11010111.png */ = {isa = PBXFileReference; lastKnownFileType = image.png; path = Solid_11010111.png; sourceTree = "<group>"; };
		60372BA5B3D93AD90F692624 /* StaticTileViewTemplate.swift */ = {isa = PBXFileReference; fileEncoding = 4; lastKnownFileType = sourcecode.swift; path = StaticTileViewTemplate.swift; sourceTree = "<group>"; };
		60372BA83FD3A0B9730B97DC /* Solid_01011101.png */ = {isa = PBXFileReference; lastKnownFileType = image.png; path = Solid_01011101.png; sourceTree = "<group>"; };
		60372BC00CD91D7983BFE0DA /* DummyWorldLoader.swift */ = {isa = PBXFileReference; fileEncoding = 4; lastKnownFileType = sourcecode.swift; path = DummyWorldLoader.swift; sourceTree = "<group>"; };
		60372BC9DEB0467C3EE9E02F /* Square_jitsuTests.swift */ = {isa = PBXFileReference; lastKnownFileType = sourcecode.swift; path = Square_jitsuTests.swift; sourceTree = "<group>"; };
		60372BCA68289D60EE9A792F /* Background_1001.png */ = {isa = PBXFileReference; lastKnownFileType = image.png; path = Background_1001.png; sourceTree = "<group>"; };
		60372BFD6D7CCC98EA84A133 /* Settings.swift */ = {isa = PBXFileReference; fileEncoding = 4; lastKnownFileType = sourcecode.swift; path = Settings.swift; sourceTree = "<group>"; };
		60372C250F684E68E1AB21DE /* Solid_00010111.png */ = {isa = PBXFileReference; lastKnownFileType = image.png; path = Solid_00010111.png; sourceTree = "<group>"; };
		60372C27458710EE3CAF1422 /* Solid_01000101.png */ = {isa = PBXFileReference; lastKnownFileType = image.png; path = Solid_01000101.png; sourceTree = "<group>"; };
		60372C36A15FD13A052A7E6D /* Solid_11110111.png */ = {isa = PBXFileReference; lastKnownFileType = image.png; path = Solid_11110111.png; sourceTree = "<group>"; };
		60372C5272F6CAD378178DC6 /* Solid_01010001.png */ = {isa = PBXFileReference; lastKnownFileType = image.png; path = Solid_01010001.png; sourceTree = "<group>"; };
		60372C95D8F7C02012E61CB9 /* StaticEntityViewTemplate.swift */ = {isa = PBXFileReference; fileEncoding = 4; lastKnownFileType = sourcecode.swift; path = StaticEntityViewTemplate.swift; sourceTree = "<group>"; };
		60372C9B1FF739FE04F6EA5D /* Solid_11000111.png */ = {isa = PBXFileReference; lastKnownFileType = image.png; path = Solid_11000111.png; sourceTree = "<group>"; };
		60372CAF8C4CD3A3F0C18B5B /* Dictionary.swift */ = {isa = PBXFileReference; fileEncoding = 4; lastKnownFileType = sourcecode.swift; path = Dictionary.swift; sourceTree = "<group>"; };
		60372CC09ACD9121F88F1816 /* Solid_11010001.png */ = {isa = PBXFileReference; lastKnownFileType = image.png; path = Solid_11010001.png; sourceTree = "<group>"; };
		60372CCE76575C8C55A5B82C /* Solid_11011111.png */ = {isa = PBXFileReference; lastKnownFileType = image.png; path = Solid_11011111.png; sourceTree = "<group>"; };
		60372CCEA7EBC95CF7C3EA7D /* Solid-8Square.png */ = {isa = PBXFileReference; lastKnownFileType = image.png; path = "Solid-8Square.png"; sourceTree = "<group>"; };
		60372CDA7C9C17DE0E210A1F /* PlayerCamera.swift */ = {isa = PBXFileReference; fileEncoding = 4; lastKnownFileType = sourcecode.swift; path = PlayerCamera.swift; sourceTree = "<group>"; };
		60372CDD752B72E6D5735D9C /* Info.plist */ = {isa = PBXFileReference; lastKnownFileType = text.plist.info; path = Info.plist; sourceTree = "<group>"; };
		60372CE5DFBCF586AEEBB314 /* DestroyOnCollideComponent.swift */ = {isa = PBXFileReference; fileEncoding = 4; lastKnownFileType = sourcecode.swift; path = DestroyOnCollideComponent.swift; sourceTree = "<group>"; };
		60372CFB10C617097C360C4A /* TestSolid.png */ = {isa = PBXFileReference; lastKnownFileType = image.png; path = TestSolid.png; sourceTree = "<group>"; };
		60372D000158BAA827722D8D /* Solid_11010101.png */ = {isa = PBXFileReference; lastKnownFileType = image.png; path = Solid_11010101.png; sourceTree = "<group>"; };
		60372D0D8D34EEE72EB0EF34 /* Background_1111.png */ = {isa = PBXFileReference; lastKnownFileType = image.png; path = Background_1111.png; sourceTree = "<group>"; };
		60372D1276C7C49881DF9F9B /* Background_1011.png */ = {isa = PBXFileReference; lastKnownFileType = image.png; path = Background_1011.png; sourceTree = "<group>"; };
		60372D6AFCE54D359FA57533 /* TileViewTemplate.swift */ = {isa = PBXFileReference; fileEncoding = 4; lastKnownFileType = sourcecode.swift; path = TileViewTemplate.swift; sourceTree = "<group>"; };
		60372D71C1A04808263AA950 /* FBRange.swift */ = {isa = PBXFileReference; fileEncoding = 4; lastKnownFileType = sourcecode.swift; path = FBRange.swift; sourceTree = "<group>"; };
		60372D7F7A5B342C08A7C630 /* Publisher.swift */ = {isa = PBXFileReference; fileEncoding = 4; lastKnownFileType = sourcecode.swift; path = Publisher.swift; sourceTree = "<group>"; };
		60372D7F90C80393B2872D13 /* MapTable.swift */ = {isa = PBXFileReference; fileEncoding = 4; lastKnownFileType = sourcecode.swift; path = MapTable.swift; sourceTree = "<group>"; };
		60372DC0D40F0EA2ECA732C4 /* Background_0101.png */ = {isa = PBXFileReference; lastKnownFileType = image.png; path = Background_0101.png; sourceTree = "<group>"; };
		60372DDC185F32DAD396B6CB /* TestBackground.png */ = {isa = PBXFileReference; lastKnownFileType = image.png; path = TestBackground.png; sourceTree = "<group>"; };
		60372DEF1C502CFAA117DD0E /* Solid_01010111.png */ = {isa = PBXFileReference; lastKnownFileType = image.png; path = Solid_01010111.png; sourceTree = "<group>"; };
		60372DF22D2C4626A9B6FB22 /* Background_0100.png */ = {isa = PBXFileReference; lastKnownFileType = image.png; path = Background_0100.png; sourceTree = "<group>"; };
		60372E001F8E582E7AFAFE0D /* Background_1110.png */ = {isa = PBXFileReference; lastKnownFileType = image.png; path = Background_1110.png; sourceTree = "<group>"; };
		60372E2AB303D1E12F2FA1E3 /* Solid_00011111.png */ = {isa = PBXFileReference; lastKnownFileType = image.png; path = Solid_00011111.png; sourceTree = "<group>"; };
		60372E768CF3C49821058391 /* Solid_00010101.png */ = {isa = PBXFileReference; lastKnownFileType = image.png; path = Solid_00010101.png; sourceTree = "<group>"; };
		60372E8E782E26BED3882289 /* Player.pxm */ = {isa = PBXFileReference; lastKnownFileType = file.pxm; path = Player.pxm; sourceTree = "<group>"; };
		60372EE2BC3E9DB7DF0AF295 /* Solid_01010101.png */ = {isa = PBXFileReference; lastKnownFileType = image.png; path = Solid_01010101.png; sourceTree = "<group>"; };
		60372EED53BE835DBBF98966 /* EntityView.swift */ = {isa = PBXFileReference; fileEncoding = 4; lastKnownFileType = sourcecode.swift; path = EntityView.swift; sourceTree = "<group>"; };
		60372F01C592D4A49FB36867 /* Solid_00000100.png */ = {isa = PBXFileReference; lastKnownFileType = image.png; path = Solid_00000100.png; sourceTree = "<group>"; };
		60372F0D070034D68E94029F /* Solid_00010001.png */ = {isa = PBXFileReference; lastKnownFileType = image.png; path = Solid_00010001.png; sourceTree = "<group>"; };
		60372F2656B49C3F0C65A5B1 /* LocationSystem.swift */ = {isa = PBXFileReference; fileEncoding = 4; lastKnownFileType = sourcecode.swift; path = LocationSystem.swift; sourceTree = "<group>"; };
		60372F2A8E94B0B12597AD4B /* WorldController.swift */ = {isa = PBXFileReference; fileEncoding = 4; lastKnownFileType = sourcecode.swift; path = WorldController.swift; sourceTree = "<group>"; };
		60372F5250EC51980A5F57A9 /* Solid_11110001.png */ = {isa = PBXFileReference; lastKnownFileType = image.png; path = Solid_11110001.png; sourceTree = "<group>"; };
		60372F574AC44236427EC484 /* Solid_01110001.png */ = {isa = PBXFileReference; lastKnownFileType = image.png; path = Solid_01110001.png; sourceTree = "<group>"; };
		60372F627D29167418863F45 /* Background_0001.png */ = {isa = PBXFileReference; lastKnownFileType = image.png; path = Background_0001.png; sourceTree = "<group>"; };
		60372F6315DE6466F921EE2C /* EntityViewTemplate.swift */ = {isa = PBXFileReference; fileEncoding = 4; lastKnownFileType = sourcecode.swift; path = EntityViewTemplate.swift; sourceTree = "<group>"; };
		60372F8C49AC2D64B6F4CFF0 /* World.swift */ = {isa = PBXFileReference; fileEncoding = 4; lastKnownFileType = sourcecode.swift; path = World.swift; sourceTree = "<group>"; };
		60372FADE4B76C0E2F522AAC /* Solid_01011100.png */ = {isa = PBXFileReference; lastKnownFileType = image.png; path = Solid_01011100.png; sourceTree = "<group>"; };
		60372FD98BBCF35967E69D56 /* MovementSystem.swift */ = {isa = PBXFileReference; fileEncoding = 4; lastKnownFileType = sourcecode.swift; path = MovementSystem.swift; sourceTree = "<group>"; };
		60372FF66E50F7CE256C8F62 /* ChunkMatrix.swift */ = {isa = PBXFileReference; fileEncoding = 4; lastKnownFileType = sourcecode.swift; path = ChunkMatrix.swift; sourceTree = "<group>"; };
		60372FF71E5F93F6717798D7 /* WorldTilePos3D.swift */ = {isa = PBXFileReference; fileEncoding = 4; lastKnownFileType = sourcecode.swift; path = WorldTilePos3D.swift; sourceTree = "<group>"; };
/* End PBXFileReference section */

/* Begin PBXFrameworksBuildPhase section */
		603726E45AB82EEB79E39668 /* Frameworks */ = {
			isa = PBXFrameworksBuildPhase;
			buildActionMask = 2147483647;
			files = (
			);
			runOnlyForDeploymentPostprocessing = 0;
		};
		603729D4CBC11B7A049827F2 /* Frameworks */ = {
			isa = PBXFrameworksBuildPhase;
			buildActionMask = 2147483647;
			files = (
			);
			runOnlyForDeploymentPostprocessing = 0;
		};
		60372DDE6671C2F7C61960B5 /* Frameworks */ = {
			isa = PBXFrameworksBuildPhase;
			buildActionMask = 2147483647;
			files = (
			);
			runOnlyForDeploymentPostprocessing = 0;
		};
/* End PBXFrameworksBuildPhase section */

/* Begin PBXGroup section */
		603720DBB8E82FD6D5549D89 /* Square-jitsu */ = {
			isa = PBXGroup;
			children = (
				603724F792FFFC571B233675 /* Info.plist */,
				6037263A1644D352F65BEE68 /* Assets.xcassets */,
				603724A711AB7B35515C30DC /* LaunchScreen.storyboard */,
				60372BF55B9BD2D1F0B40775 /* Main.storyboard */,
				60372537625ADE51B6662999 /* Source */,
				60372523EE480E5C3EC0B44C /* Resources */,
			);
			path = "Square-jitsu";
			sourceTree = "<group>";
		};
		603721527F4E751E42D43568 /* Products */ = {
			isa = PBXGroup;
			children = (
				603720FFB75D9097ED1E756A /* Square-jitsu.app */,
				603727CF07240896178D40C5 /* Square-jitsuTests.xctest */,
				6037281F4725D9A31589219A /* Square-jitsuUITests.xctest */,
			);
			name = Products;
			sourceTree = "<group>";
		};
		603721A7D63C93B9A340E245 /* Solid */ = {
			isa = PBXGroup;
			children = (
				6037209467ED1A4354E10F98 /* Solid_00000001.png */,
				60372F01C592D4A49FB36867 /* Solid_00000100.png */,
				603724B6F23EE04AB7EC6E2C /* Solid_00000111.png */,
				603721380849E57ECFEF1620 /* Solid_00010000.png */,
				60372F0D070034D68E94029F /* Solid_00010001.png */,
				60372E768CF3C49821058391 /* Solid_00010101.png */,
				60372C250F684E68E1AB21DE /* Solid_00010111.png */,
				603724270DDD60A7019C2C1C /* Solid_00011100.png */,
				603724FDCE9126BCD6DF97C7 /* Solid_00011101.png */,
				60372E2AB303D1E12F2FA1E3 /* Solid_00011111.png */,
				6037264812DA557CA59A8867 /* Solid_01000000.png */,
				603723003C3609B7E70A5D34 /* Solid_01000100.png */,
				60372C27458710EE3CAF1422 /* Solid_01000101.png */,
				6037221BA64B5B5F4AFD1D86 /* Solid_01000111.png */,
				60372C5272F6CAD378178DC6 /* Solid_01010001.png */,
				60372561290EF19C71DEC1D2 /* Solid_01010100.png */,
				60372EE2BC3E9DB7DF0AF295 /* Solid_01010101.png */,
				60372DEF1C502CFAA117DD0E /* Solid_01010111.png */,
				60372FADE4B76C0E2F522AAC /* Solid_01011100.png */,
				60372BA83FD3A0B9730B97DC /* Solid_01011101.png */,
				603725B4032790BA22095CD7 /* Solid_01011111.png */,
				60372491D8BF933E1A31C3FE /* Solid_01110000.png */,
				60372F574AC44236427EC484 /* Solid_01110001.png */,
				6037294B3D6D70F9671C7EE5 /* Solid_01110100.png */,
				6037266A57B0BBEE784DAF4F /* Solid_01110101.png */,
				60372730D0456096C68366F6 /* Solid_01110111.png */,
				603727D8AC6C768DAAA6B2E5 /* Solid_01111100.png */,
				60372A167303AA27966A062B /* Solid_01111101.png */,
				6037252F33F92D64EB95B8B4 /* Solid_01111111.png */,
				60372A97DAE46F697CDE5AF8 /* Solid_11000001.png */,
				60372196AFB7DA6BA5E8D0FC /* Solid_11000101.png */,
				60372C9B1FF739FE04F6EA5D /* Solid_11000111.png */,
				60372CC09ACD9121F88F1816 /* Solid_11010001.png */,
				60372D000158BAA827722D8D /* Solid_11010101.png */,
				60372B8767CFA62628D74128 /* Solid_11010111.png */,
				60372793EE3E3F5B387E02F0 /* Solid_11011101.png */,
				60372CCE76575C8C55A5B82C /* Solid_11011111.png */,
				60372F5250EC51980A5F57A9 /* Solid_11110001.png */,
				603720E96FF5F7E27A09D873 /* Solid_11110101.png */,
				60372C36A15FD13A052A7E6D /* Solid_11110111.png */,
				6037296EE9EB60270083E1DC /* Solid_11111101.png */,
				60372139BB1D0207852E174A /* Solid_11111111.png */,
				6037276E9FE61A24D65F0A6D /* Solid_00000000+.png */,
			);
			path = Solid;
			sourceTree = "<group>";
		};
		60372349519A8824263D03CE /* Geometry */ = {
			isa = PBXGroup;
			children = (
				60372C131BFF83DFC4DF11F1 /* Direction */,
				603723E11DC58743C396CADA /* Line.swift */,
				603721CDC3EB0C1AFDF84EA8 /* Constants.swift */,
			);
			path = Geometry;
			sourceTree = "<group>";
		};
		603723AB2DA669704C5EA1B0 /* Square-jitsuTests */ = {
			isa = PBXGroup;
			children = (
				60372CDD752B72E6D5735D9C /* Info.plist */,
				60372BC9DEB0467C3EE9E02F /* Square_jitsuTests.swift */,
				6037286E3A0D5B3FD02DC097 /* Resources */,
			);
			path = "Square-jitsuTests";
			sourceTree = "<group>";
		};
		603723C406D7953E00173FEA /* Tile */ = {
			isa = PBXGroup;
			children = (
				6037207424AF46F4BF526BF8 /* TileType.swift */,
				603725454221FC6F401669AD /* TileSmallType.swift */,
				6037201486D3725D2522E588 /* TileBigType.swift */,
				6037222105002ACD47BF2703 /* TileMetadata.swift */,
				603726D514A00370B00D16B9 /* PlayerSpawnMetadata.swift */,
				6037258A83C086CE17FC8696 /* TileTypeMap.swift */,
				6037299BEB355C8BF1F09FE0 /* TileLayer.swift */,
				6037202F1D559B6DA1DD5B76 /* SingleSpawnMetadata.swift */,
				60372877647D69D64BFAAA80 /* EmptyTileMetadata.swift */,
				60372B683F75E896295F60FC /* TileOrientation.swift */,
			);
			path = Tile;
			sourceTree = "<group>";
		};
		603723EC8B60AD4BA303B6A7 = {
			isa = PBXGroup;
			children = (
				603721527F4E751E42D43568 /* Products */,
				603720DBB8E82FD6D5549D89 /* Square-jitsu */,
				603723AB2DA669704C5EA1B0 /* Square-jitsuTests */,
				6037266225B3E789C93CEA72 /* Square-jitsuUITests */,
				6037288B5F7A8BAFB33DBD1F /* .gitignore */,
				60372003FFB3BD2833E61FB7 /* package.json */,
				60372D41E9D7BEB545EA6B09 /* DevTools */,
			);
			sourceTree = "<group>";
		};
		60372523EE480E5C3EC0B44C /* Resources */ = {
			isa = PBXGroup;
			children = (
				60372568C881165DF7AE625D /* Tiles */,
			);
			path = Resources;
			sourceTree = "<group>";
		};
		60372537625ADE51B6662999 /* Source */ = {
			isa = PBXGroup;
			children = (
				603727C86AFF204EEC3DAAB5 /* Misc */,
				60372DA3E819D7239ABD1A83 /* Game */,
				603725CBEA2D8AB87586C8FB /* Presentation */,
			);
			path = Source;
			sourceTree = "<group>";
		};
		60372568C881165DF7AE625D /* Tiles */ = {
			isa = PBXGroup;
			children = (
				603721A7D63C93B9A340E245 /* Solid */,
				60372DCD0DAC35736A7D37C8 /* Background */,
				603728110DB9E8439CBA919E /* Player.png */,
				60372E8E782E26BED3882289 /* Player.pxm */,
				60372CFB10C617097C360C4A /* TestSolid.png */,
				60372CCEA7EBC95CF7C3EA7D /* Solid-8Square.png */,
				603727BA983239E0F1566607 /* Solid-8Square.pxm */,
				60372DDC185F32DAD396B6CB /* TestBackground.png */,
				603725A65B8EBFE26814CBA8 /* Background-8Diamond.png */,
				60372B5E05E23C2789813B8B /* Background-8Diamond.pxm */,
			);
			path = Tiles;
			sourceTree = "<group>";
		};
		603725CBEA2D8AB87586C8FB /* Presentation */ = {
			isa = PBXGroup;
			children = (
				603728B9CC00445233EAD326 /* GameScene.swift */,
				60372ADCA9105A718016B0CF /* GameViewController.swift */,
				603723E2802AFAD5947B6A16 /* AppDelegate.swift */,
				60372B848C62B50F19E2A43D /* FixedUpdater.swift */,
			);
			path = Presentation;
			sourceTree = "<group>";
		};
		603725F5A3C7DEF87FC5CDF2 /* Views */ = {
			isa = PBXGroup;
			children = (
				6037202092A585319A6389BC /* TileView.swift */,
				60372D6AFCE54D359FA57533 /* TileViewTemplate.swift */,
				603722995456B1959BEBF402 /* View.swift */,
				60372372C8C6F8044942C5DD /* ChunkView.swift */,
				6037257B2CA60E40782FD161 /* WorldView.swift */,
				60372BA5B3D93AD90F692624 /* StaticTileViewTemplate.swift */,
				603725B4906AE2911B196DC3 /* NodeView.swift */,
				60372EED53BE835DBBF98966 /* EntityView.swift */,
				603720DA6D3763006D2C17BD /* OptionalNodeView.swift */,
				60372F6315DE6466F921EE2C /* EntityViewTemplate.swift */,
				60372C95D8F7C02012E61CB9 /* StaticEntityViewTemplate.swift */,
			);
			path = Views;
			sourceTree = "<group>";
		};
		6037266225B3E789C93CEA72 /* Square-jitsuUITests */ = {
			isa = PBXGroup;
			children = (
				60372B84F37E13FD7099882A /* Info.plist */,
				6037260087AD070442393B87 /* Square_jitsuUITests.swift */,
			);
			path = "Square-jitsuUITests";
			sourceTree = "<group>";
		};
		603727C86AFF204EEC3DAAB5 /* Misc */ = {
			isa = PBXGroup;
			children = (
				603728978050FC7F963BFAF0 /* Extensions */,
				60372146CC14CBAFDE4818B7 /* Observable.swift */,
				60372D7F7A5B342C08A7C630 /* Publisher.swift */,
				60372D7F90C80393B2872D13 /* MapTable.swift */,
				603728AE62862305FF05978B /* HasDefault.swift */,
				60372D71C1A04808263AA950 /* FBRange.swift */,
			);
			path = Misc;
			sourceTree = "<group>";
		};
		6037286BE68131FD1B75A9CC /* Components */ = {
			isa = PBXGroup;
			children = (
				603722BBFF197F422108635C /* MovingComponent.swift */,
				6037266B9C9B9031878FF6ED /* PhysicsComponent.swift */,
				60372CE5DFBCF586AEEBB314 /* DestroyOnCollideComponent.swift */,
				603728ABFDD7DE0ABDF697FC /* LocationComponent.swift */,
			);
			path = Components;
			sourceTree = "<group>";
		};
		603728978050FC7F963BFAF0 /* Extensions */ = {
			isa = PBXGroup;
			children = (
				60372A70EAB3F8CC4BADC36D /* CGPoint.swift */,
				6037263EFB615B07FCEA2915 /* Array.swift */,
				603724BD230617172A7D7871 /* CGFloat.swift */,
				60372CAF8C4CD3A3F0C18B5B /* Dictionary.swift */,
				603723A74864BBCB2355887F /* CGSize.swift */,
				60372923EE2506C293607B34 /* Int.swift */,
			);
			path = Extensions;
			sourceTree = "<group>";
		};
		60372A1D21EE7B33F991C91A /* Pos */ = {
			isa = PBXGroup;
			children = (
				6037282E35A502EC5025BC0F /* WorldTilePos.swift */,
				60372FF71E5F93F6717798D7 /* WorldTilePos3D.swift */,
				603723EB298C8C4C31775F9C /* ChunkTilePos3D.swift */,
				60372467372F33A2ED3D68E2 /* ChunkTilePos.swift */,
				6037230CD8D4DBE5F5614FA7 /* RelativePos.swift */,
				6037262AA1AED704902E3CDE /* WorldChunkPos.swift */,
			);
			path = Pos;
			sourceTree = "<group>";
		};
		60372AAD2E27592F6983DBD9 /* Systems */ = {
			isa = PBXGroup;
			children = (
				60372F2656B49C3F0C65A5B1 /* LocationSystem.swift */,
				6037297B56E10D29A04EE356 /* CollisionSystem.swift */,
				60372FD98BBCF35967E69D56 /* MovementSystem.swift */,
				603720DCBEEC95F7BD155D5F /* System.swift */,
			);
			path = Systems;
			sourceTree = "<group>";
		};
		60372B6F9B263ADEB0A7B3A2 /* SpriteKitSubclasses */ = {
			isa = PBXGroup;
			children = (
			);
			path = SpriteKitSubclasses;
			sourceTree = "<group>";
		};
		60372BAAD8F03833EBD8677A /* ECS */ = {
			isa = PBXGroup;
			children = (
				6037286BE68131FD1B75A9CC /* Components */,
				60372AAD2E27592F6983DBD9 /* Systems */,
				6037254EE8CE82E058CBC515 /* Entity.swift */,
			);
			path = ECS;
			sourceTree = "<group>";
		};
		60372C131BFF83DFC4DF11F1 /* Direction */ = {
			isa = PBXGroup;
			children = (
				60372571C481CF9573B6E0B8 /* Angle.swift */,
				603727D290E27DBAB7CE1186 /* Corner.swift */,
				60372AE8E35F7CC3EC73C9F6 /* Side.swift */,
				603723AF4202D6524E42E42F /* CornerSet.swift */,
				60372B6EADAA22B93A11AEC2 /* SideSet.swift */,
				603723DB7AA93C5874C06474 /* Axis.swift */,
				603722893A2A55D63679E110 /* AxisSet.swift */,
			);
			path = Direction;
			sourceTree = "<group>";
		};
		60372C36AC4075DE5F6C376E /* World */ = {
			isa = PBXGroup;
			children = (
				60372F8C49AC2D64B6F4CFF0 /* World.swift */,
				603729D266E508421F2C97DF /* WorldLoader.swift */,
				60372BC00CD91D7983BFE0DA /* DummyWorldLoader.swift */,
				60372F2A8E94B0B12597AD4B /* WorldController.swift */,
				60372A1D21EE7B33F991C91A /* Pos */,
				60372D028C7FB4A92F02A453 /* Chunk */,
				6037290076A7ABE8B66636FF /* Camera.swift */,
				60372CDA7C9C17DE0E210A1F /* PlayerCamera.swift */,
			);
			path = World;
			sourceTree = "<group>";
		};
		60372D028C7FB4A92F02A453 /* Chunk */ = {
			isa = PBXGroup;
			children = (
				6037223952A7586649D113A3 /* ReadonlyChunk.swift */,
				60372084FA403F9E4569B057 /* Chunk.swift */,
				60372FF66E50F7CE256C8F62 /* ChunkMatrix.swift */,
			);
			path = Chunk;
			sourceTree = "<group>";
		};
		60372D41E9D7BEB545EA6B09 /* DevTools */ = {
			isa = PBXGroup;
			children = (
				60372436CF4F912E3CFF2A33 /* Generate8Atlases.mjs */,
			);
			path = DevTools;
			sourceTree = "<group>";
		};
		60372DA3E819D7239ABD1A83 /* Game */ = {
			isa = PBXGroup;
			children = (
				60372349519A8824263D03CE /* Geometry */,
				60372C36AC4075DE5F6C376E /* World */,
				603723C406D7953E00173FEA /* Tile */,
				603725F5A3C7DEF87FC5CDF2 /* Views */,
				60372BAAD8F03833EBD8677A /* ECS */,
				60372B6F9B263ADEB0A7B3A2 /* SpriteKitSubclasses */,
				60372BFD6D7CCC98EA84A133 /* Settings.swift */,
			);
			path = Game;
			sourceTree = "<group>";
		};
		60372DCD0DAC35736A7D37C8 /* Background */ = {
			isa = PBXGroup;
			children = (
				60372B77FDF2469C37F5EE23 /* Background_0000.png */,
				60372F627D29167418863F45 /* Background_0001.png */,
				603729C5691E488615C2E99A /* Background_0010.png */,
				60372735B0D17A8CA3B91D9B /* Background_0011.png */,
				60372DF22D2C4626A9B6FB22 /* Background_0100.png */,
				60372DC0D40F0EA2ECA732C4 /* Background_0101.png */,
				6037213C58D344313DB4F996 /* Background_0110.png */,
				6037288FEA244D0DB09391F4 /* Background_0111.png */,
				603722E6C34EAE4BEE6E8396 /* Background_1000.png */,
				60372BCA68289D60EE9A792F /* Background_1001.png */,
				6037230800D437C7AAA3D7C4 /* Background_1010.png */,
				60372D1276C7C49881DF9F9B /* Background_1011.png */,
				60372373B7AAE116859888D7 /* Background_1100.png */,
				603729E3A55BF97C8AFF7163 /* Background_1101.png */,
				60372E001F8E582E7AFAFE0D /* Background_1110.png */,
				60372D0D8D34EEE72EB0EF34 /* Background_1111.png */,
			);
			path = Background;
			sourceTree = "<group>";
		};
/* End PBXGroup section */

/* Begin PBXNativeTarget section */
		6037277A33C7A3B2A7A52700 /* Square-jitsuTests */ = {
			isa = PBXNativeTarget;
			buildConfigurationList = 60372CBAE0EC06BEEC9B0839 /* Build configuration list for PBXNativeTarget "Square-jitsuTests" */;
			buildPhases = (
				603722E99728FC5738BAE1BB /* Sources */,
				60372DDE6671C2F7C61960B5 /* Frameworks */,
				6037225AB74CC20C50358EC0 /* Resources */,
			);
			buildRules = (
			);
			dependencies = (
				6037252C7F3698140AAF212D /* PBXTargetDependency */,
			);
			name = "Square-jitsuTests";
			productName = "Square-jitsuTests";
			productReference = 603727CF07240896178D40C5 /* Square-jitsuTests.xctest */;
			productType = "com.apple.product-type.bundle.unit-test";
		};
		60372A61FB945561262E7FA5 /* Square-jitsu */ = {
			isa = PBXNativeTarget;
			buildConfigurationList = 60372D93AD07FFF68222DD50 /* Build configuration list for PBXNativeTarget "Square-jitsu" */;
			buildPhases = (
				60372D80C9047FD01110F721 /* Sources */,
				603726E45AB82EEB79E39668 /* Frameworks */,
				60372CB7BF2D8693709977B9 /* Resources */,
			);
			buildRules = (
			);
			dependencies = (
			);
			name = "Square-jitsu";
			productName = "Square-jitsu";
			productReference = 603720FFB75D9097ED1E756A /* Square-jitsu.app */;
			productType = "com.apple.product-type.application";
		};
		60372E26CB94E935AE24B226 /* Square-jitsuUITests */ = {
			isa = PBXNativeTarget;
			buildConfigurationList = 603729AC9303222D4C47D0BA /* Build configuration list for PBXNativeTarget "Square-jitsuUITests" */;
			buildPhases = (
				603729265CC604CD8DCDA67E /* Sources */,
				603729D4CBC11B7A049827F2 /* Frameworks */,
				6037274239BD476C9A166B20 /* Resources */,
			);
			buildRules = (
			);
			dependencies = (
				60372F1990CF0F00FC7815DF /* PBXTargetDependency */,
			);
			name = "Square-jitsuUITests";
			productName = "Square-jitsuUITests";
			productReference = 6037281F4725D9A31589219A /* Square-jitsuUITests.xctest */;
			productType = "com.apple.product-type.bundle.ui-testing";
		};
/* End PBXNativeTarget section */

/* Begin PBXProject section */
		60372182C8396189B0B10819 /* Project object */ = {
			isa = PBXProject;
			attributes = {
				ORGANIZATIONNAME = Jakobeha;
				TargetAttributes = {
					60372A61FB945561262E7FA5 = {
						DevelopmentTeam = 5HTYFH877E;
					};
				};
			};
			buildConfigurationList = 60372F9F4C568372C77333AF /* Build configuration list for PBXProject "Square-jitsu" */;
			compatibilityVersion = "Xcode 3.2";
			developmentRegion = English;
			hasScannedForEncodings = 0;
			knownRegions = (
				English,
				en,
				Base,
			);
			mainGroup = 603723EC8B60AD4BA303B6A7;
			productRefGroup = 603721527F4E751E42D43568 /* Products */;
			projectDirPath = "";
			projectRoot = "";
			targets = (
				60372A61FB945561262E7FA5 /* Square-jitsu */,
				6037277A33C7A3B2A7A52700 /* Square-jitsuTests */,
				60372E26CB94E935AE24B226 /* Square-jitsuUITests */,
			);
		};
/* End PBXProject section */

/* Begin PBXResourcesBuildPhase section */
		6037225AB74CC20C50358EC0 /* Resources */ = {
			isa = PBXResourcesBuildPhase;
			buildActionMask = 2147483647;
			files = (
			);
			runOnlyForDeploymentPostprocessing = 0;
		};
		6037274239BD476C9A166B20 /* Resources */ = {
			isa = PBXResourcesBuildPhase;
			buildActionMask = 2147483647;
			files = (
			);
			runOnlyForDeploymentPostprocessing = 0;
		};
		60372CB7BF2D8693709977B9 /* Resources */ = {
			isa = PBXResourcesBuildPhase;
			buildActionMask = 2147483647;
			files = (
				60372F39BF1F217F91DE5885 /* Assets.xcassets in Resources */,
				60372CDD02C0A8324A69A253 /* LaunchScreen.storyboard in Resources */,
				60372342ADB20DA673105FDE /* Main.storyboard in Resources */,
				60372145CA9D652FB93EC226 /* Solid_00000001.png in Resources */,
				603726809EDC76B443E6AABB /* Solid_00000100.png in Resources */,
				60372A0031433FDC0B15FCBA /* Solid_00000111.png in Resources */,
				60372AAABB4C97340FFBE68C /* Solid_00010000.png in Resources */,
				603720ACFE1D9A74392C807E /* Solid_00010001.png in Resources */,
				60372475837C7EAA878E93FE /* Solid_00010101.png in Resources */,
				60372BEF0C2FEFA325D14840 /* Solid_00010111.png in Resources */,
				60372EBE92979F24446F9A99 /* Solid_00011100.png in Resources */,
				603725AA48D8FCF630F11FFD /* Solid_00011101.png in Resources */,
				603725FB1F59386DBE33BAD0 /* Solid_00011111.png in Resources */,
				60372E554566AE53EF1CF144 /* Solid_01000000.png in Resources */,
				603727C0E0DA0D95570A321D /* Solid_01000100.png in Resources */,
				60372042FF5869F579020DE4 /* Solid_01000101.png in Resources */,
				60372B017F0C43EBB3B7AAD6 /* Solid_01000111.png in Resources */,
				60372B94BA75C320EFD6B24C /* Solid_01010001.png in Resources */,
				60372F5AA13453E670725754 /* Solid_01010100.png in Resources */,
				60372FF904DA758359652908 /* Solid_01010101.png in Resources */,
				60372E8B69EA21973FC40E1B /* Solid_01010111.png in Resources */,
				6037263E95418DD8E706F6BA /* Solid_01011100.png in Resources */,
				60372C09F4D46EAB8F666D5E /* Solid_01011101.png in Resources */,
				60372EADBE8F923615556158 /* Solid_01011111.png in Resources */,
				60372DB408ED33FFE1E4D07B /* Solid_01110000.png in Resources */,
				603720B0C68EC49DD45DEF86 /* Solid_01110001.png in Resources */,
				603726D554601F2FC1633AC8 /* Solid_01110100.png in Resources */,
				60372CD1F7D0F1155370417A /* Solid_01110101.png in Resources */,
				60372179A106725B5B4ECA15 /* Solid_01110111.png in Resources */,
				6037248A75F1B97DC822AB6E /* Solid_01111100.png in Resources */,
				603728CA2E7CF0CE86FD11A5 /* Solid_01111101.png in Resources */,
				603722A8D9EAB8C441F08136 /* Solid_01111111.png in Resources */,
				60372B72CD5B8A3757B71DB5 /* Solid_11000001.png in Resources */,
				60372E753278E4CD444BA78E /* Solid_11000101.png in Resources */,
				60372C6395FB70227280F41C /* Solid_11000111.png in Resources */,
				603729AC442AC3488CABC8F3 /* Solid_11010001.png in Resources */,
				60372EB8DA1568D6F85A0F54 /* Solid_11010101.png in Resources */,
				60372B7B0541A517E86AF095 /* Solid_11010111.png in Resources */,
				6037210F4C2125B03FBAFD37 /* Solid_11011101.png in Resources */,
				6037269C9D238B99242B406E /* Solid_11011111.png in Resources */,
				60372A4B45ACBB004DEB2923 /* Solid_11110001.png in Resources */,
				6037248933DA765CC5B23E44 /* Solid_11110101.png in Resources */,
				6037299C6DB44673F4A1131B /* Solid_11110111.png in Resources */,
				6037265F21CEBE7CEA60A43D /* Solid_11111101.png in Resources */,
				60372205D7FCFEA10CAD59B2 /* Solid_11111111.png in Resources */,
				603724622645BE65D5BAA3C5 /* Solid_00000000+.png in Resources */,
				60372D6DDE37E42226ABE6F0 /* Background_0000.png in Resources */,
				60372CD994734C8100B50EAD /* Background_0001.png in Resources */,
				603725F9D70170DA20DE7236 /* Background_0010.png in Resources */,
				60372E7C41C88351D3511116 /* Background_0011.png in Resources */,
				60372794C4E30DA4C1095040 /* Background_0100.png in Resources */,
				60372F15D8715CD4DCF7A4FD /* Background_0101.png in Resources */,
				60372B9768574B7823138051 /* Background_0110.png in Resources */,
				603724E24E1675E9D076B5CD /* Background_0111.png in Resources */,
				603720E6402D4A2DC5277386 /* Background_1000.png in Resources */,
				603722E764D18F5A35028B76 /* Background_1001.png in Resources */,
				60372B99ABE47873163E2ACC /* Background_1010.png in Resources */,
				6037205BA09306547E09874D /* Background_1011.png in Resources */,
				60372803B013A1CD3A69E9CA /* Background_1100.png in Resources */,
				60372F889F433FE93EFFDA04 /* Background_1101.png in Resources */,
				603724A3D7D76AF6242852C8 /* Background_1110.png in Resources */,
				6037268F056126DC76777FC6 /* Background_1111.png in Resources */,
				603720E8FA5EB0FBBB9AD848 /* Player.png in Resources */,
				603728225BA8F629721264E1 /* Player.pxm in Resources */,
				60372886DC8883F8154109A2 /* TestSolid.png in Resources */,
				6037291CFD785678848786AC /* Solid-8Square.png in Resources */,
				6037286582F7F5834C0AFBE6 /* Solid-8Square.pxm in Resources */,
				60372261DB56A730A45ACFAF /* TestBackground.png in Resources */,
				60372AB4E8404AAA2A31F2CB /* Background-8Diamond.png in Resources */,
				60372D122382B3FECAFE2D96 /* Background-8Diamond.pxm in Resources */,
			);
			runOnlyForDeploymentPostprocessing = 0;
		};
/* End PBXResourcesBuildPhase section */

/* Begin PBXSourcesBuildPhase section */
		603722E99728FC5738BAE1BB /* Sources */ = {
			isa = PBXSourcesBuildPhase;
			buildActionMask = 2147483647;
			files = (
				603728CDCB27F4B4EC454AC3 /* Square_jitsuTests.swift in Sources */,
			);
			runOnlyForDeploymentPostprocessing = 0;
		};
		603729265CC604CD8DCDA67E /* Sources */ = {
			isa = PBXSourcesBuildPhase;
			buildActionMask = 2147483647;
			files = (
				60372167C32936885C31DBC1 /* Square_jitsuUITests.swift in Sources */,
			);
			runOnlyForDeploymentPostprocessing = 0;
		};
		60372D80C9047FD01110F721 /* Sources */ = {
			isa = PBXSourcesBuildPhase;
			buildActionMask = 2147483647;
			files = (
				60372AF7D6E7D8008E6661A8 /* CGPoint.swift in Sources */,
				60372276813626DA0ED511E9 /* Array.swift in Sources */,
				603726F55CF8C89F226864BB /* CGFloat.swift in Sources */,
				603727E797D30C1070912880 /* Dictionary.swift in Sources */,
				603722508C3C8563153BA05E /* Observable.swift in Sources */,
				6037279DA25FB1A1C32CA8C3 /* Publisher.swift in Sources */,
				6037241253CAC34C4C70122D /* MapTable.swift in Sources */,
				60372C4B5B98EA76FAA99A82 /* HasDefault.swift in Sources */,
				60372BCA9D5B050BF4D7663A /* CGSize.swift in Sources */,
				603724319B6377AE0E345281 /* Angle.swift in Sources */,
				603725EEF59014703D6C7EE3 /* Corner.swift in Sources */,
				60372EAF9064D01087AF2493 /* Side.swift in Sources */,
				60372EB18B5259A7E77C3616 /* CornerSet.swift in Sources */,
				60372BCD414CE2376CBD7BCE /* SideSet.swift in Sources */,
				603720EED3432D225D4AB28A /* Line.swift in Sources */,
				603725E0DB1815DAEAD7351D /* Constants.swift in Sources */,
				60372125DF2FB2566A36CFBA /* World.swift in Sources */,
				603720E6A5314424D69B299C /* WorldLoader.swift in Sources */,
				60372F51314F727BE6E87762 /* DummyWorldLoader.swift in Sources */,
				6037268742F999E9E7BB6411 /* TileType.swift in Sources */,
				60372D8DCE62C825351080B3 /* TileSmallType.swift in Sources */,
				603720054210527C6A6FC624 /* TileBigType.swift in Sources */,
				603726F658D4DCF73B5D2BA2 /* TileMetadata.swift in Sources */,
				60372239A7B0BC495D8F9B6E /* PlayerSpawnMetadata.swift in Sources */,
				603720A74C1D8956A66DF787 /* TileTypeMap.swift in Sources */,
				60372992AD1C7F717B5B4EA9 /* TileView.swift in Sources */,
				60372824C529BE305EBFFA67 /* TileViewTemplate.swift in Sources */,
				603727338DBAC686B956D941 /* View.swift in Sources */,
				60372786285BD054C6241A10 /* ChunkView.swift in Sources */,
				6037288726D1D59D200EF215 /* WorldView.swift in Sources */,
				603727ED4FBFC4FFBC33AD45 /* StaticTileViewTemplate.swift in Sources */,
				603727BED938A552AF43FF2D /* MovingComponent.swift in Sources */,
				60372D28FFFABB395BF29CDD /* PhysicsComponent.swift in Sources */,
				603722F5C23636D121B24F46 /* DestroyOnCollideComponent.swift in Sources */,
				60372AE90D5211BF33A045B6 /* LocationComponent.swift in Sources */,
				603727FF3AE03B2110F660BF /* LocationSystem.swift in Sources */,
				603725CC3E5CDA1C98D646A7 /* CollisionSystem.swift in Sources */,
				60372419359D2E15787CE14C /* MovementSystem.swift in Sources */,
				6037245EB2FC240589BCE506 /* System.swift in Sources */,
				60372E316B1C7822E2319C15 /* Entity.swift in Sources */,
				6037265D6EBD6216A53C572A /* Settings.swift in Sources */,
				6037288CD7D975A5BE18DBFA /* GameScene.swift in Sources */,
				60372E330E4B14EA7E5FB9B8 /* GameViewController.swift in Sources */,
				6037290ABE9499D36BE5152B /* AppDelegate.swift in Sources */,
				60372911DAC441DD6A10559B /* FixedUpdater.swift in Sources */,
				60372D316C381B34570A0311 /* TileLayer.swift in Sources */,
				603721A16CA7F063CB42B514 /* SingleSpawnMetadata.swift in Sources */,
				60372A5CEB1F3C3AE34B936D /* EmptyTileMetadata.swift in Sources */,
				60372FAD8C04A0979567D754 /* TileOrientation.swift in Sources */,
				60372BAEEA720EFD15B48E7B /* Axis.swift in Sources */,
				603724471CDDFC9CA76D0704 /* WorldController.swift in Sources */,
				60372F365890CE0E35A47EB7 /* NodeView.swift in Sources */,
				60372FDE9A4CFF6BDC2B182A /* EntityView.swift in Sources */,
				603720A8884972B49755EB6D /* OptionalNodeView.swift in Sources */,
				6037205C1E96E23B8C30B1D5 /* EntityViewTemplate.swift in Sources */,
				603728A2A1CF95E59D85C45A /* StaticEntityViewTemplate.swift in Sources */,
				6037220ABD4B49634D27D6B7 /* Int.swift in Sources */,
				60372DFCD84A31F0FBB665BA /* FBRange.swift in Sources */,
				603721C864848DF56EE1D261 /* WorldTilePos.swift in Sources */,
				6037224E2BE9D559F82358D6 /* WorldTilePos3D.swift in Sources */,
				6037210FD315A60767837E7C /* ChunkTilePos3D.swift in Sources */,
				603720D47F112FD6C4E6B795 /* ChunkTilePos.swift in Sources */,
				60372F573A3B344695CEADB1 /* RelativePos.swift in Sources */,
				603723DCFF833E456744F1F3 /* WorldChunkPos.swift in Sources */,
				603722759084BE89A5E3EE4E /* ReadonlyChunk.swift in Sources */,
				603721DA5091024870B57A87 /* Chunk.swift in Sources */,
				60372E687195E86BDEC7EB4C /* ChunkMatrix.swift in Sources */,
				603724BCCC2D2BE0C8391711 /* Camera.swift in Sources */,
				60372E1589C69DB9AF10507C /* PlayerCamera.swift in Sources */,
				60372D5082BB5C84E14E0A02 /* AxisSet.swift in Sources */,
			);
			runOnlyForDeploymentPostprocessing = 0;
		};
/* End PBXSourcesBuildPhase section */

/* Begin PBXTargetDependency section */
		6037252C7F3698140AAF212D /* PBXTargetDependency */ = {
			isa = PBXTargetDependency;
			target = 60372A61FB945561262E7FA5 /* Square-jitsu */;
			targetProxy = 6037290D06CA9A5CC26B6E3D /* PBXContainerItemProxy */;
		};
		60372F1990CF0F00FC7815DF /* PBXTargetDependency */ = {
			isa = PBXTargetDependency;
			target = 60372A61FB945561262E7FA5 /* Square-jitsu */;
			targetProxy = 60372370B673AD08A6A1B621 /* PBXContainerItemProxy */;
		};
/* End PBXTargetDependency section */

/* Begin PBXVariantGroup section */
		603724A711AB7B35515C30DC /* LaunchScreen.storyboard */ = {
			isa = PBXVariantGroup;
			children = (
				60372956BADBA2EBA00E5739 /* Base */,
			);
			name = LaunchScreen.storyboard;
			sourceTree = "<group>";
		};
		60372BF55B9BD2D1F0B40775 /* Main.storyboard */ = {
			isa = PBXVariantGroup;
			children = (
				6037206ED1F0DB80723E4B74 /* Base */,
			);
			name = Main.storyboard;
			sourceTree = "<group>";
		};
/* End PBXVariantGroup section */

/* Begin XCBuildConfiguration section */
		6037225CC515ECE203DC8C91 /* Debug */ = {
			isa = XCBuildConfiguration;
			buildSettings = {
				INFOPLIST_FILE = "Square-jitsuUITests/Info.plist";
				LD_RUNPATH_SEARCH_PATHS = "$(inherited) @executable_path/Frameworks @loader_path/Frameworks";
				PRODUCT_BUNDLE_IDENTIFIER = "jakobeha.Square-jitsuUITests";
				PRODUCT_NAME = "$(TARGET_NAME)";
				SWIFT_VERSION = 5.0;
				TARGETED_DEVICE_FAMILY = "1,2";
				TEST_TARGET_NAME = "Square-jitsu";
			};
			name = Debug;
		};
		603722F93C2F41B37F13C182 /* Debug */ = {
			isa = XCBuildConfiguration;
			buildSettings = {
				ALWAYS_SEARCH_USER_PATHS = NO;
				CLANG_ANALYZER_NONNULL = YES;
				CLANG_ANALYZER_NUMBER_OBJECT_CONVERSION = YES_AGGRESSIVE;
				CLANG_CXX_LANGUAGE_STANDARD = "gnu++14";
				CLANG_CXX_LIBRARY = "libc++";
				CLANG_ENABLE_MODULES = YES;
				CLANG_ENABLE_OBJC_ARC = YES;
				CLANG_ENABLE_OBJC_WEAK = YES;
				CLANG_WARN_BLOCK_CAPTURE_AUTORELEASING = YES;
				CLANG_WARN_BOOL_CONVERSION = YES;
				CLANG_WARN_COMMA = YES;
				CLANG_WARN_CONSTANT_CONVERSION = YES;
				CLANG_WARN_DEPRECATED_OBJC_IMPLEMENTATIONS = YES;
				CLANG_WARN_DIRECT_OBJC_ISA_USAGE = YES_ERROR;
				CLANG_WARN_DOCUMENTATION_COMMENTS = YES;
				CLANG_WARN_EMPTY_BODY = YES;
				CLANG_WARN_ENUM_CONVERSION = YES;
				CLANG_WARN_INFINITE_RECURSION = YES;
				CLANG_WARN_INT_CONVERSION = YES;
				CLANG_WARN_NON_LITERAL_NULL_CONVERSION = YES;
				CLANG_WARN_OBJC_IMPLICIT_RETAIN_SELF = YES;
				CLANG_WARN_OBJC_LITERAL_CONVERSION = YES;
				CLANG_WARN_OBJC_ROOT_CLASS = YES_ERROR;
				CLANG_WARN_RANGE_LOOP_ANALYSIS = YES;
				CLANG_WARN_STRICT_PROTOTYPES = YES;
				CLANG_WARN_SUSPICIOUS_MOVE = YES;
				CLANG_WARN_UNGUARDED_AVAILABILITY = YES_AGGRESSIVE;
				CLANG_WARN_UNREACHABLE_CODE = YES;
				CLANG_WARN__DUPLICATE_METHOD_MATCH = YES;
				COPY_PHASE_STRIP = NO;
				DEBUG_INFORMATION_FORMAT = dwarf;
				ENABLE_STRICT_OBJC_MSGSEND = YES;
				ENABLE_TESTABILITY = YES;
				GCC_C_LANGUAGE_STANDARD = gnu11;
				GCC_DYNAMIC_NO_PIC = NO;
				GCC_NO_COMMON_BLOCKS = YES;
				GCC_OPTIMIZATION_LEVEL = 0;
				GCC_PREPROCESSOR_DEFINITIONS = (
					"DEBUG=1",
					"$(inherited)",
				);
				GCC_WARN_64_TO_32_BIT_CONVERSION = YES;
				GCC_WARN_ABOUT_RETURN_TYPE = YES_ERROR;
				GCC_WARN_UNDECLARED_SELECTOR = YES;
				GCC_WARN_UNINITIALIZED_AUTOS = YES_AGGRESSIVE;
				GCC_WARN_UNUSED_FUNCTION = YES;
				GCC_WARN_UNUSED_VARIABLE = YES;
				IPHONEOS_DEPLOYMENT_TARGET = 13.4;
				MTL_ENABLE_DEBUG_INFO = INCLUDE_SOURCE;
				MTL_FAST_MATH = YES;
				ONLY_ACTIVE_ARCH = YES;
				SDKROOT = iphoneos;
				SWIFT_ACTIVE_COMPILATION_CONDITIONS = DEBUG;
				SWIFT_OPTIMIZATION_LEVEL = "-Onone";
			};
			name = Debug;
		};
		603725A0D829D1004E28D378 /* Debug */ = {
			isa = XCBuildConfiguration;
			buildSettings = {
				ASSETCATALOG_COMPILER_APPICON_NAME = AppIcon;
				DEVELOPMENT_TEAM = 5HTYFH877E;
				INFOPLIST_FILE = "Square-jitsu/Info.plist";
				IPHONEOS_DEPLOYMENT_TARGET = 12.4;
				LD_RUNPATH_SEARCH_PATHS = "$(inherited) @executable_path/Frameworks";
				PRODUCT_BUNDLE_IDENTIFIER = "jakobeha.Square-jitsu";
				PRODUCT_NAME = "$(TARGET_NAME)";
				SWIFT_VERSION = 5.0;
				TARGETED_DEVICE_FAMILY = "1,2";
			};
			name = Debug;
		};
		60372676BB43D822DD21B5EE /* Release */ = {
			isa = XCBuildConfiguration;
			buildSettings = {
				INFOPLIST_FILE = "Square-jitsuUITests/Info.plist";
				LD_RUNPATH_SEARCH_PATHS = "$(inherited) @executable_path/Frameworks @loader_path/Frameworks";
				PRODUCT_BUNDLE_IDENTIFIER = "jakobeha.Square-jitsuUITests";
				PRODUCT_NAME = "$(TARGET_NAME)";
				SWIFT_VERSION = 5.0;
				TARGETED_DEVICE_FAMILY = "1,2";
				TEST_TARGET_NAME = "Square-jitsu";
			};
			name = Release;
		};
		603727ADF05FE9F80D922306 /* Release */ = {
			isa = XCBuildConfiguration;
			buildSettings = {
				BUNDLE_LOADER = "$(BUILT_PRODUCTS_DIR)/Square-jitsu.app/Square-jitsu";
				INFOPLIST_FILE = "Square-jitsuTests/Info.plist";
				LD_RUNPATH_SEARCH_PATHS = "$(inherited) @executable_path/Frameworks @loader_path/Frameworks";
				PRODUCT_BUNDLE_IDENTIFIER = "jakobeha.Square-jitsuTests";
				PRODUCT_NAME = "$(TARGET_NAME)";
				SWIFT_VERSION = 5.0;
				TARGETED_DEVICE_FAMILY = "1,2";
				TEST_HOST = "$(BUNDLE_LOADER)";
			};
			name = Release;
		};
		60372A2196026199623777E3 /* Release */ = {
			isa = XCBuildConfiguration;
			buildSettings = {
				ASSETCATALOG_COMPILER_APPICON_NAME = AppIcon;
				DEVELOPMENT_TEAM = 5HTYFH877E;
				INFOPLIST_FILE = "Square-jitsu/Info.plist";
				IPHONEOS_DEPLOYMENT_TARGET = 12.4;
				LD_RUNPATH_SEARCH_PATHS = "$(inherited) @executable_path/Frameworks";
				PRODUCT_BUNDLE_IDENTIFIER = "jakobeha.Square-jitsu";
				PRODUCT_NAME = "$(TARGET_NAME)";
				SWIFT_VERSION = 5.0;
				TARGETED_DEVICE_FAMILY = "1,2";
			};
			name = Release;
		};
		60372F8A8F3C3702B3D3C7D6 /* Release */ = {
			isa = XCBuildConfiguration;
			buildSettings = {
				ALWAYS_SEARCH_USER_PATHS = NO;
				CLANG_ANALYZER_NONNULL = YES;
				CLANG_ANALYZER_NUMBER_OBJECT_CONVERSION = YES_AGGRESSIVE;
				CLANG_CXX_LANGUAGE_STANDARD = "gnu++14";
				CLANG_CXX_LIBRARY = "libc++";
				CLANG_ENABLE_MODULES = YES;
				CLANG_ENABLE_OBJC_ARC = YES;
				CLANG_ENABLE_OBJC_WEAK = YES;
				CLANG_WARN_BLOCK_CAPTURE_AUTORELEASING = YES;
				CLANG_WARN_BOOL_CONVERSION = YES;
				CLANG_WARN_COMMA = YES;
				CLANG_WARN_CONSTANT_CONVERSION = YES;
				CLANG_WARN_DEPRECATED_OBJC_IMPLEMENTATIONS = YES;
				CLANG_WARN_DIRECT_OBJC_ISA_USAGE = YES_ERROR;
				CLANG_WARN_DOCUMENTATION_COMMENTS = YES;
				CLANG_WARN_EMPTY_BODY = YES;
				CLANG_WARN_ENUM_CONVERSION = YES;
				CLANG_WARN_INFINITE_RECURSION = YES;
				CLANG_WARN_INT_CONVERSION = YES;
				CLANG_WARN_NON_LITERAL_NULL_CONVERSION = YES;
				CLANG_WARN_OBJC_IMPLICIT_RETAIN_SELF = YES;
				CLANG_WARN_OBJC_LITERAL_CONVERSION = YES;
				CLANG_WARN_OBJC_ROOT_CLASS = YES_ERROR;
				CLANG_WARN_RANGE_LOOP_ANALYSIS = YES;
				CLANG_WARN_STRICT_PROTOTYPES = YES;
				CLANG_WARN_SUSPICIOUS_MOVE = YES;
				CLANG_WARN_UNGUARDED_AVAILABILITY = YES_AGGRESSIVE;
				CLANG_WARN_UNREACHABLE_CODE = YES;
				CLANG_WARN__DUPLICATE_METHOD_MATCH = YES;
				COPY_PHASE_STRIP = NO;
				DEBUG_INFORMATION_FORMAT = "dwarf-with-dsym";
				ENABLE_NS_ASSERTIONS = NO;
				ENABLE_STRICT_OBJC_MSGSEND = YES;
				GCC_C_LANGUAGE_STANDARD = gnu11;
				GCC_NO_COMMON_BLOCKS = YES;
				GCC_WARN_64_TO_32_BIT_CONVERSION = YES;
				GCC_WARN_ABOUT_RETURN_TYPE = YES_ERROR;
				GCC_WARN_UNDECLARED_SELECTOR = YES;
				GCC_WARN_UNINITIALIZED_AUTOS = YES_AGGRESSIVE;
				GCC_WARN_UNUSED_FUNCTION = YES;
				GCC_WARN_UNUSED_VARIABLE = YES;
				IPHONEOS_DEPLOYMENT_TARGET = 13.4;
				MTL_ENABLE_DEBUG_INFO = NO;
				MTL_FAST_MATH = YES;
				SDKROOT = iphoneos;
				SWIFT_OPTIMIZATION_LEVEL = "-Owholemodule";
				VALIDATE_PRODUCT = YES;
			};
			name = Release;
		};
		60372FE166E1C0617C743437 /* Debug */ = {
			isa = XCBuildConfiguration;
			buildSettings = {
				BUNDLE_LOADER = "$(BUILT_PRODUCTS_DIR)/Square-jitsu.app/Square-jitsu";
				INFOPLIST_FILE = "Square-jitsuTests/Info.plist";
				LD_RUNPATH_SEARCH_PATHS = "$(inherited) @executable_path/Frameworks @loader_path/Frameworks";
				PRODUCT_BUNDLE_IDENTIFIER = "jakobeha.Square-jitsuTests";
				PRODUCT_NAME = "$(TARGET_NAME)";
				SWIFT_VERSION = 5.0;
				TARGETED_DEVICE_FAMILY = "1,2";
				TEST_HOST = "$(BUNDLE_LOADER)";
			};
			name = Debug;
		};
/* End XCBuildConfiguration section */

/* Begin XCConfigurationList section */
		603729AC9303222D4C47D0BA /* Build configuration list for PBXNativeTarget "Square-jitsuUITests" */ = {
			isa = XCConfigurationList;
			buildConfigurations = (
				6037225CC515ECE203DC8C91 /* Debug */,
				60372676BB43D822DD21B5EE /* Release */,
			);
			defaultConfigurationIsVisible = 0;
			defaultConfigurationName = Release;
		};
		60372CBAE0EC06BEEC9B0839 /* Build configuration list for PBXNativeTarget "Square-jitsuTests" */ = {
			isa = XCConfigurationList;
			buildConfigurations = (
				60372FE166E1C0617C743437 /* Debug */,
				603727ADF05FE9F80D922306 /* Release */,
			);
			defaultConfigurationIsVisible = 0;
			defaultConfigurationName = Release;
		};
		60372D93AD07FFF68222DD50 /* Build configuration list for PBXNativeTarget "Square-jitsu" */ = {
			isa = XCConfigurationList;
			buildConfigurations = (
				603725A0D829D1004E28D378 /* Debug */,
				60372A2196026199623777E3 /* Release */,
			);
			defaultConfigurationIsVisible = 0;
			defaultConfigurationName = Release;
		};
		60372F9F4C568372C77333AF /* Build configuration list for PBXProject "Square-jitsu" */ = {
			isa = XCConfigurationList;
			buildConfigurations = (
				603722F93C2F41B37F13C182 /* Debug */,
				60372F8A8F3C3702B3D3C7D6 /* Release */,
			);
			defaultConfigurationIsVisible = 0;
			defaultConfigurationName = Release;
		};
/* End XCConfigurationList section */
	};
	rootObject = 60372182C8396189B0B10819 /* Project object */;
}
