// !$*UTF8*$!
{
	archiveVersion = 1;
	classes = {
	};
	objectVersion = 46;
	objects = {

/* Begin PBXBuildFile section */
		603720054210527C6A6FC624 /* TileBigType.swift in Sources */ = {isa = PBXBuildFile; fileRef = 6037201486D3725D2522E588 /* TileBigType.swift */; };
		603720A74C1D8956A66DF787 /* TileTypeMap.swift in Sources */ = {isa = PBXBuildFile; fileRef = 6037258A83C086CE17FC8696 /* TileTypeMap.swift */; };
		603720E6A5314424D69B299C /* WorldLoader.swift in Sources */ = {isa = PBXBuildFile; fileRef = 603729D266E508421F2C97DF /* WorldLoader.swift */; };
		603720EED3432D225D4AB28A /* Line.swift in Sources */ = {isa = PBXBuildFile; fileRef = 603723E11DC58743C396CADA /* Line.swift */; };
		60372125DF2FB2566A36CFBA /* World.swift in Sources */ = {isa = PBXBuildFile; fileRef = 60372F8C49AC2D64B6F4CFF0 /* World.swift */; };
		60372167C32936885C31DBC1 /* Square_jitsuUITests.swift in Sources */ = {isa = PBXBuildFile; fileRef = 6037260087AD070442393B87 /* Square_jitsuUITests.swift */; };
		603721A38933735C194C0934 /* RelativePos.swift in Sources */ = {isa = PBXBuildFile; fileRef = 60372C75B7404CD3AADCC77A /* RelativePos.swift */; };
		60372236F8E6887549A5ABA4 /* WorldController.swift in Sources */ = {isa = PBXBuildFile; fileRef = 60372AEDAC463B2FA0CA5B54 /* WorldController.swift */; };
		60372239A7B0BC495D8F9B6E /* PlayerMetadata.swift in Sources */ = {isa = PBXBuildFile; fileRef = 603726D514A00370B00D16B9 /* PlayerMetadata.swift */; };
		603722508C3C8563153BA05E /* Observable.swift in Sources */ = {isa = PBXBuildFile; fileRef = 60372146CC14CBAFDE4818B7 /* Observable.swift */; };
		60372276813626DA0ED511E9 /* Array.swift in Sources */ = {isa = PBXBuildFile; fileRef = 6037263EFB615B07FCEA2915 /* Array.swift */; };
		603722F5C23636D121B24F46 /* DestroyOnCollideComponent.swift in Sources */ = {isa = PBXBuildFile; fileRef = 60372CE5DFBCF586AEEBB314 /* DestroyOnCollideComponent.swift */; };
		60372342ADB20DA673105FDE /* Main.storyboard in Resources */ = {isa = PBXBuildFile; fileRef = 60372BF55B9BD2D1F0B40775 /* Main.storyboard */; };
		603723D21EB6F6F466BA516C /* EnemyMetadata.swift in Sources */ = {isa = PBXBuildFile; fileRef = 603721ABE8C69E34AFB7A2A4 /* EnemyMetadata.swift */; };
		6037241253CAC34C4C70122D /* MapTable.swift in Sources */ = {isa = PBXBuildFile; fileRef = 60372D7F90C80393B2872D13 /* MapTable.swift */; };
		60372419359D2E15787CE14C /* MovementSystem.swift in Sources */ = {isa = PBXBuildFile; fileRef = 60372FD98BBCF35967E69D56 /* MovementSystem.swift */; };
		603724319B6377AE0E345281 /* Angle.swift in Sources */ = {isa = PBXBuildFile; fileRef = 60372571C481CF9573B6E0B8 /* Angle.swift */; };
		6037245EB2FC240589BCE506 /* System.swift in Sources */ = {isa = PBXBuildFile; fileRef = 603720DCBEEC95F7BD155D5F /* System.swift */; };
		603724EDF0404D24F438ECB0 /* ChunkMatrix.swift in Sources */ = {isa = PBXBuildFile; fileRef = 60372986A96CE7A3D783AE46 /* ChunkMatrix.swift */; };
		603725CC3E5CDA1C98D646A7 /* CollisionSystem.swift in Sources */ = {isa = PBXBuildFile; fileRef = 6037297B56E10D29A04EE356 /* CollisionSystem.swift */; };
		603725E0DB1815DAEAD7351D /* Constants.swift in Sources */ = {isa = PBXBuildFile; fileRef = 603721CDC3EB0C1AFDF84EA8 /* Constants.swift */; };
		603725EEF59014703D6C7EE3 /* Corner.swift in Sources */ = {isa = PBXBuildFile; fileRef = 603727D290E27DBAB7CE1186 /* Corner.swift */; };
		60372644FA68FCA68DADDE4E /* Tile.swift in Sources */ = {isa = PBXBuildFile; fileRef = 603728CF7A09F15C72F8BE63 /* Tile.swift */; };
		6037265D6EBD6216A53C572A /* Settings.swift in Sources */ = {isa = PBXBuildFile; fileRef = 60372BFD6D7CCC98EA84A133 /* Settings.swift */; };
		6037268742F999E9E7BB6411 /* TileType.swift in Sources */ = {isa = PBXBuildFile; fileRef = 6037207424AF46F4BF526BF8 /* TileType.swift */; };
		603726DB860034EB44DDA8B8 /* WorldChunkPos.swift in Sources */ = {isa = PBXBuildFile; fileRef = 60372A108D2BDC7FDCAE7009 /* WorldChunkPos.swift */; };
		603726F55CF8C89F226864BB /* CGFloat.swift in Sources */ = {isa = PBXBuildFile; fileRef = 603724BD230617172A7D7871 /* CGFloat.swift */; };
		603726F658D4DCF73B5D2BA2 /* TileMetadata.swift in Sources */ = {isa = PBXBuildFile; fileRef = 6037222105002ACD47BF2703 /* TileMetadata.swift */; };
		603727338DBAC686B956D941 /* View.swift in Sources */ = {isa = PBXBuildFile; fileRef = 603722995456B1959BEBF402 /* View.swift */; };
		60372786285BD054C6241A10 /* ChunkView.swift in Sources */ = {isa = PBXBuildFile; fileRef = 60372372C8C6F8044942C5DD /* ChunkView.swift */; };
		6037279DA25FB1A1C32CA8C3 /* Publisher.swift in Sources */ = {isa = PBXBuildFile; fileRef = 60372D7F7A5B342C08A7C630 /* Publisher.swift */; };
		603727B040686985805F6CCF /* Resources in Resources */ = {isa = PBXBuildFile; fileRef = 60372AB920AD7926222FB919 /* Resources */; };
		603727BED938A552AF43FF2D /* MovingComponent.swift in Sources */ = {isa = PBXBuildFile; fileRef = 603722BBFF197F422108635C /* MovingComponent.swift */; };
		603727E797D30C1070912880 /* Dictionary.swift in Sources */ = {isa = PBXBuildFile; fileRef = 60372CAF8C4CD3A3F0C18B5B /* Dictionary.swift */; };
		603727ED4FBFC4FFBC33AD45 /* StaticTileTemplate.swift in Sources */ = {isa = PBXBuildFile; fileRef = 60372BA5B3D93AD90F692624 /* StaticTileTemplate.swift */; };
		603727FF3AE03B2110F660BF /* LocationSystem.swift in Sources */ = {isa = PBXBuildFile; fileRef = 60372F2656B49C3F0C65A5B1 /* LocationSystem.swift */; };
		60372824C529BE305EBFFA67 /* TileTemplate.swift in Sources */ = {isa = PBXBuildFile; fileRef = 60372D6AFCE54D359FA57533 /* TileTemplate.swift */; };
		6037288726D1D59D200EF215 /* WorldView.swift in Sources */ = {isa = PBXBuildFile; fileRef = 6037257B2CA60E40782FD161 /* WorldView.swift */; };
		6037288CD7D975A5BE18DBFA /* GameScene.swift in Sources */ = {isa = PBXBuildFile; fileRef = 603728B9CC00445233EAD326 /* GameScene.swift */; };
		603728CDCB27F4B4EC454AC3 /* Square_jitsuTests.swift in Sources */ = {isa = PBXBuildFile; fileRef = 60372BC9DEB0467C3EE9E02F /* Square_jitsuTests.swift */; };
		6037290ABE9499D36BE5152B /* AppDelegate.swift in Sources */ = {isa = PBXBuildFile; fileRef = 603723E2802AFAD5947B6A16 /* AppDelegate.swift */; };
		60372911DAC441DD6A10559B /* FixedUpdater.swift in Sources */ = {isa = PBXBuildFile; fileRef = 60372B848C62B50F19E2A43D /* FixedUpdater.swift */; };
		6037298C3276BAF0CD7CBCC2 /* Chunk.swift in Sources */ = {isa = PBXBuildFile; fileRef = 603722B5B2A99FF176875C6C /* Chunk.swift */; };
		60372992AD1C7F717B5B4EA9 /* TileView.swift in Sources */ = {isa = PBXBuildFile; fileRef = 6037202092A585319A6389BC /* TileView.swift */; };
		60372A449C3296D1A86EA5AB /* Resources in Resources */ = {isa = PBXBuildFile; fileRef = 6037286E3A0D5B3FD02DC097 /* Resources */; };
		60372AE90D5211BF33A045B6 /* LocationComponent.swift in Sources */ = {isa = PBXBuildFile; fileRef = 603728ABFDD7DE0ABDF697FC /* LocationComponent.swift */; };
		60372AF70D69C8CF21D3BA39 /* ChunkObservable.swift in Sources */ = {isa = PBXBuildFile; fileRef = 6037261E692E12FACA86C3D9 /* ChunkObservable.swift */; };
		60372AF7D6E7D8008E6661A8 /* CGPoint.swift in Sources */ = {isa = PBXBuildFile; fileRef = 60372A70EAB3F8CC4BADC36D /* CGPoint.swift */; };
		60372BCA9D5B050BF4D7663A /* CGSize.swift in Sources */ = {isa = PBXBuildFile; fileRef = 603723A74864BBCB2355887F /* CGSize.swift */; };
		60372BCD414CE2376CBD7BCE /* SideSet.swift in Sources */ = {isa = PBXBuildFile; fileRef = 60372B6EADAA22B93A11AEC2 /* SideSet.swift */; };
		60372C4B5B98EA76FAA99A82 /* HasDefault.swift in Sources */ = {isa = PBXBuildFile; fileRef = 603728AE62862305FF05978B /* HasDefault.swift */; };
		60372CDD02C0A8324A69A253 /* LaunchScreen.storyboard in Resources */ = {isa = PBXBuildFile; fileRef = 603724A711AB7B35515C30DC /* LaunchScreen.storyboard */; };
		60372D28FFFABB395BF29CDD /* PhysicsComponent.swift in Sources */ = {isa = PBXBuildFile; fileRef = 6037266B9C9B9031878FF6ED /* PhysicsComponent.swift */; };
		60372D8DCE62C825351080B3 /* TileSmallType.swift in Sources */ = {isa = PBXBuildFile; fileRef = 603725454221FC6F401669AD /* TileSmallType.swift */; };
		60372DDECA137509BD947013 /* TileId.swift in Sources */ = {isa = PBXBuildFile; fileRef = 6037204504157837014A30A0 /* TileId.swift */; };
		60372DE595C100F89052EBB7 /* WorldTilePos.swift in Sources */ = {isa = PBXBuildFile; fileRef = 603727660D0A52C0C2157F1E /* WorldTilePos.swift */; };
		60372E316B1C7822E2319C15 /* Entity.swift in Sources */ = {isa = PBXBuildFile; fileRef = 6037254EE8CE82E058CBC515 /* Entity.swift */; };
		60372E330E4B14EA7E5FB9B8 /* GameViewController.swift in Sources */ = {isa = PBXBuildFile; fileRef = 60372ADCA9105A718016B0CF /* GameViewController.swift */; };
		60372E764E50175F0C612B0B /* ShurikenMetadata.swift in Sources */ = {isa = PBXBuildFile; fileRef = 6037244609178983ABF9A3B3 /* ShurikenMetadata.swift */; };
		60372EAF9064D01087AF2493 /* Side.swift in Sources */ = {isa = PBXBuildFile; fileRef = 60372AE8E35F7CC3EC73C9F6 /* Side.swift */; };
		60372EB18B5259A7E77C3616 /* CornerSet.swift in Sources */ = {isa = PBXBuildFile; fileRef = 603723AF4202D6524E42E42F /* CornerSet.swift */; };
		60372EF6D7C7197FBB310A6C /* ChunkTilePos.swift in Sources */ = {isa = PBXBuildFile; fileRef = 603723D3834A2F06FDDE9A22 /* ChunkTilePos.swift */; };
		60372F39BF1F217F91DE5885 /* Assets.xcassets in Resources */ = {isa = PBXBuildFile; fileRef = 6037263A1644D352F65BEE68 /* Assets.xcassets */; };
		60372F51314F727BE6E87762 /* DummyWorldLoader.swift in Sources */ = {isa = PBXBuildFile; fileRef = 60372BC00CD91D7983BFE0DA /* DummyWorldLoader.swift */; };
/* End PBXBuildFile section */

/* Begin PBXContainerItemProxy section */
		60372370B673AD08A6A1B621 /* PBXContainerItemProxy */ = {
			isa = PBXContainerItemProxy;
			containerPortal = 60372182C8396189B0B10819 /* Project object */;
			proxyType = 1;
			remoteGlobalIDString = 60372A61FB945561262E7FA5;
			remoteInfo = "Square-jitsu";
		};
		6037290D06CA9A5CC26B6E3D /* PBXContainerItemProxy */ = {
			isa = PBXContainerItemProxy;
			containerPortal = 60372182C8396189B0B10819 /* Project object */;
			proxyType = 1;
			remoteGlobalIDString = 60372A61FB945561262E7FA5;
			remoteInfo = "Square-jitsu";
		};
/* End PBXContainerItemProxy section */

/* Begin PBXFileReference section */
		60372003FFB3BD2833E61FB7 /* package.json */ = {isa = PBXFileReference; fileEncoding = 4; lastKnownFileType = text.json; path = package.json; sourceTree = "<group>"; };
		6037201486D3725D2522E588 /* TileBigType.swift */ = {isa = PBXFileReference; fileEncoding = 4; lastKnownFileType = sourcecode.swift; path = TileBigType.swift; sourceTree = "<group>"; };
		6037202092A585319A6389BC /* TileView.swift */ = {isa = PBXFileReference; fileEncoding = 4; lastKnownFileType = sourcecode.swift; path = TileView.swift; sourceTree = "<group>"; };
		6037204504157837014A30A0 /* TileId.swift */ = {isa = PBXFileReference; fileEncoding = 4; lastKnownFileType = sourcecode.swift; path = TileId.swift; sourceTree = "<group>"; };
		6037206ED1F0DB80723E4B74 /* Base */ = {isa = PBXFileReference; lastKnownFileType = file.storyboard; name = Base; path = Base.lproj/Main.storyboard; sourceTree = "<group>"; };
		6037207424AF46F4BF526BF8 /* TileType.swift */ = {isa = PBXFileReference; fileEncoding = 4; lastKnownFileType = sourcecode.swift; path = TileType.swift; sourceTree = "<group>"; };
		603720DCBEEC95F7BD155D5F /* System.swift */ = {isa = PBXFileReference; fileEncoding = 4; lastKnownFileType = sourcecode.swift; path = System.swift; sourceTree = "<group>"; };
		603720FFB75D9097ED1E756A /* Square-jitsu.app */ = {isa = PBXFileReference; explicitFileType = wrapper.application; includeInIndex = 0; path = "Square-jitsu.app"; sourceTree = BUILT_PRODUCTS_DIR; };
		60372146CC14CBAFDE4818B7 /* Observable.swift */ = {isa = PBXFileReference; fileEncoding = 4; lastKnownFileType = sourcecode.swift; path = Observable.swift; sourceTree = "<group>"; };
		603721ABE8C69E34AFB7A2A4 /* EnemyMetadata.swift */ = {isa = PBXFileReference; fileEncoding = 4; lastKnownFileType = sourcecode.swift; path = EnemyMetadata.swift; sourceTree = "<group>"; };
		603721CDC3EB0C1AFDF84EA8 /* Constants.swift */ = {isa = PBXFileReference; fileEncoding = 4; lastKnownFileType = sourcecode.swift; path = Constants.swift; sourceTree = "<group>"; };
		6037222105002ACD47BF2703 /* TileMetadata.swift */ = {isa = PBXFileReference; fileEncoding = 4; lastKnownFileType = sourcecode.swift; path = TileMetadata.swift; sourceTree = "<group>"; };
		603722995456B1959BEBF402 /* View.swift */ = {isa = PBXFileReference; fileEncoding = 4; lastKnownFileType = sourcecode.swift; path = View.swift; sourceTree = "<group>"; };
		603722B5B2A99FF176875C6C /* Chunk.swift */ = {isa = PBXFileReference; fileEncoding = 4; lastKnownFileType = sourcecode.swift; path = Chunk.swift; sourceTree = "<group>"; };
		603722BBFF197F422108635C /* MovingComponent.swift */ = {isa = PBXFileReference; fileEncoding = 4; lastKnownFileType = sourcecode.swift; path = MovingComponent.swift; sourceTree = "<group>"; };
		60372372C8C6F8044942C5DD /* ChunkView.swift */ = {isa = PBXFileReference; fileEncoding = 4; lastKnownFileType = sourcecode.swift; path = ChunkView.swift; sourceTree = "<group>"; };
		603723A74864BBCB2355887F /* CGSize.swift */ = {isa = PBXFileReference; fileEncoding = 4; lastKnownFileType = sourcecode.swift; path = CGSize.swift; sourceTree = "<group>"; };
		603723AF4202D6524E42E42F /* CornerSet.swift */ = {isa = PBXFileReference; fileEncoding = 4; lastKnownFileType = sourcecode.swift; path = CornerSet.swift; sourceTree = "<group>"; };
		603723D3834A2F06FDDE9A22 /* ChunkTilePos.swift */ = {isa = PBXFileReference; fileEncoding = 4; lastKnownFileType = sourcecode.swift; path = ChunkTilePos.swift; sourceTree = "<group>"; };
		603723E11DC58743C396CADA /* Line.swift */ = {isa = PBXFileReference; fileEncoding = 4; lastKnownFileType = sourcecode.swift; path = Line.swift; sourceTree = "<group>"; };
		603723E2802AFAD5947B6A16 /* AppDelegate.swift */ = {isa = PBXFileReference; fileEncoding = 4; lastKnownFileType = sourcecode.swift; path = AppDelegate.swift; sourceTree = "<group>"; };
		60372436CF4F912E3CFF2A33 /* Generate8Atlases.mjs */ = {isa = PBXFileReference; fileEncoding = 4; lastKnownFileType = file.mjs; path = Generate8Atlases.mjs; sourceTree = "<group>"; };
		6037244609178983ABF9A3B3 /* ShurikenMetadata.swift */ = {isa = PBXFileReference; fileEncoding = 4; lastKnownFileType = sourcecode.swift; path = ShurikenMetadata.swift; sourceTree = "<group>"; };
		603724BD230617172A7D7871 /* CGFloat.swift */ = {isa = PBXFileReference; fileEncoding = 4; lastKnownFileType = sourcecode.swift; path = CGFloat.swift; sourceTree = "<group>"; };
		603724F792FFFC571B233675 /* Info.plist */ = {isa = PBXFileReference; lastKnownFileType = text.plist.info; path = Info.plist; sourceTree = "<group>"; };
		603725454221FC6F401669AD /* TileSmallType.swift */ = {isa = PBXFileReference; fileEncoding = 4; lastKnownFileType = sourcecode.swift; path = TileSmallType.swift; sourceTree = "<group>"; };
		6037254EE8CE82E058CBC515 /* Entity.swift */ = {isa = PBXFileReference; fileEncoding = 4; lastKnownFileType = sourcecode.swift; path = Entity.swift; sourceTree = "<group>"; };
		60372571C481CF9573B6E0B8 /* Angle.swift */ = {isa = PBXFileReference; fileEncoding = 4; lastKnownFileType = sourcecode.swift; path = Angle.swift; sourceTree = "<group>"; };
		6037257B2CA60E40782FD161 /* WorldView.swift */ = {isa = PBXFileReference; fileEncoding = 4; lastKnownFileType = sourcecode.swift; path = WorldView.swift; sourceTree = "<group>"; };
		6037258A83C086CE17FC8696 /* TileTypeMap.swift */ = {isa = PBXFileReference; fileEncoding = 4; lastKnownFileType = sourcecode.swift; path = TileTypeMap.swift; sourceTree = "<group>"; };
		6037260087AD070442393B87 /* Square_jitsuUITests.swift */ = {isa = PBXFileReference; lastKnownFileType = sourcecode.swift; path = Square_jitsuUITests.swift; sourceTree = "<group>"; };
		6037261E692E12FACA86C3D9 /* ChunkObservable.swift */ = {isa = PBXFileReference; fileEncoding = 4; lastKnownFileType = sourcecode.swift; path = ChunkObservable.swift; sourceTree = "<group>"; };
		6037263A1644D352F65BEE68 /* Assets.xcassets */ = {isa = PBXFileReference; lastKnownFileType = folder.assetcatalog; path = Assets.xcassets; sourceTree = "<group>"; };
		6037263EFB615B07FCEA2915 /* Array.swift */ = {isa = PBXFileReference; fileEncoding = 4; lastKnownFileType = sourcecode.swift; path = Array.swift; sourceTree = "<group>"; };
		6037266B9C9B9031878FF6ED /* PhysicsComponent.swift */ = {isa = PBXFileReference; fileEncoding = 4; lastKnownFileType = sourcecode.swift; path = PhysicsComponent.swift; sourceTree = "<group>"; };
		603726D514A00370B00D16B9 /* PlayerMetadata.swift */ = {isa = PBXFileReference; fileEncoding = 4; lastKnownFileType = sourcecode.swift; path = PlayerMetadata.swift; sourceTree = "<group>"; };
		603727660D0A52C0C2157F1E /* WorldTilePos.swift */ = {isa = PBXFileReference; fileEncoding = 4; lastKnownFileType = sourcecode.swift; path = WorldTilePos.swift; sourceTree = "<group>"; };
		603727CF07240896178D40C5 /* Square-jitsuTests.xctest */ = {isa = PBXFileReference; explicitFileType = wrapper.cfbundle; includeInIndex = 0; path = "Square-jitsuTests.xctest"; sourceTree = BUILT_PRODUCTS_DIR; };
		603727D290E27DBAB7CE1186 /* Corner.swift */ = {isa = PBXFileReference; fileEncoding = 4; lastKnownFileType = sourcecode.swift; path = Corner.swift; sourceTree = "<group>"; };
		6037281F4725D9A31589219A /* Square-jitsuUITests.xctest */ = {isa = PBXFileReference; explicitFileType = wrapper.cfbundle; includeInIndex = 0; path = "Square-jitsuUITests.xctest"; sourceTree = BUILT_PRODUCTS_DIR; };
		6037286E3A0D5B3FD02DC097 /* Resources */ = {isa = PBXFileReference; lastKnownFileType = folder; path = Resources; sourceTree = "<group>"; };
		6037288B5F7A8BAFB33DBD1F /* .gitignore */ = {isa = PBXFileReference; lastKnownFileType = file.gitignore; path = .gitignore; sourceTree = "<group>"; };
		603728ABFDD7DE0ABDF697FC /* LocationComponent.swift */ = {isa = PBXFileReference; fileEncoding = 4; lastKnownFileType = sourcecode.swift; path = LocationComponent.swift; sourceTree = "<group>"; };
		603728AE62862305FF05978B /* HasDefault.swift */ = {isa = PBXFileReference; fileEncoding = 4; lastKnownFileType = sourcecode.swift; path = HasDefault.swift; sourceTree = "<group>"; };
		603728B9CC00445233EAD326 /* GameScene.swift */ = {isa = PBXFileReference; fileEncoding = 4; lastKnownFileType = sourcecode.swift; path = GameScene.swift; sourceTree = "<group>"; };
		603728CF7A09F15C72F8BE63 /* Tile.swift */ = {isa = PBXFileReference; fileEncoding = 4; lastKnownFileType = sourcecode.swift; path = Tile.swift; sourceTree = "<group>"; };
		60372956BADBA2EBA00E5739 /* Base */ = {isa = PBXFileReference; lastKnownFileType = file.storyboard; name = Base; path = Base.lproj/LaunchScreen.storyboard; sourceTree = "<group>"; };
		6037297B56E10D29A04EE356 /* CollisionSystem.swift */ = {isa = PBXFileReference; fileEncoding = 4; lastKnownFileType = sourcecode.swift; path = CollisionSystem.swift; sourceTree = "<group>"; };
		60372986A96CE7A3D783AE46 /* ChunkMatrix.swift */ = {isa = PBXFileReference; fileEncoding = 4; lastKnownFileType = sourcecode.swift; path = ChunkMatrix.swift; sourceTree = "<group>"; };
		603729D266E508421F2C97DF /* WorldLoader.swift */ = {isa = PBXFileReference; fileEncoding = 4; lastKnownFileType = sourcecode.swift; path = WorldLoader.swift; sourceTree = "<group>"; };
		60372A108D2BDC7FDCAE7009 /* WorldChunkPos.swift */ = {isa = PBXFileReference; fileEncoding = 4; lastKnownFileType = sourcecode.swift; path = WorldChunkPos.swift; sourceTree = "<group>"; };
		60372A70EAB3F8CC4BADC36D /* CGPoint.swift */ = {isa = PBXFileReference; fileEncoding = 4; lastKnownFileType = sourcecode.swift; path = CGPoint.swift; sourceTree = "<group>"; };
		60372AB920AD7926222FB919 /* Resources */ = {isa = PBXFileReference; lastKnownFileType = folder; path = Resources; sourceTree = "<group>"; };
		60372ADCA9105A718016B0CF /* GameViewController.swift */ = {isa = PBXFileReference; fileEncoding = 4; lastKnownFileType = sourcecode.swift; path = GameViewController.swift; sourceTree = "<group>"; };
		60372AE8E35F7CC3EC73C9F6 /* Side.swift */ = {isa = PBXFileReference; fileEncoding = 4; lastKnownFileType = sourcecode.swift; path = Side.swift; sourceTree = "<group>"; };
		60372AEDAC463B2FA0CA5B54 /* WorldController.swift */ = {isa = PBXFileReference; fileEncoding = 4; lastKnownFileType = sourcecode.swift; path = WorldController.swift; sourceTree = "<group>"; };
		60372B6EADAA22B93A11AEC2 /* SideSet.swift */ = {isa = PBXFileReference; fileEncoding = 4; lastKnownFileType = sourcecode.swift; path = SideSet.swift; sourceTree = "<group>"; };
		60372B848C62B50F19E2A43D /* FixedUpdater.swift */ = {isa = PBXFileReference; fileEncoding = 4; lastKnownFileType = sourcecode.swift; path = FixedUpdater.swift; sourceTree = "<group>"; };
		60372B84F37E13FD7099882A /* Info.plist */ = {isa = PBXFileReference; lastKnownFileType = text.plist.info; path = Info.plist; sourceTree = "<group>"; };
		60372BA5B3D93AD90F692624 /* StaticTileTemplate.swift */ = {isa = PBXFileReference; fileEncoding = 4; lastKnownFileType = sourcecode.swift; path = StaticTileTemplate.swift; sourceTree = "<group>"; };
		60372BC00CD91D7983BFE0DA /* DummyWorldLoader.swift */ = {isa = PBXFileReference; fileEncoding = 4; lastKnownFileType = sourcecode.swift; path = DummyWorldLoader.swift; sourceTree = "<group>"; };
		60372BC9DEB0467C3EE9E02F /* Square_jitsuTests.swift */ = {isa = PBXFileReference; lastKnownFileType = sourcecode.swift; path = Square_jitsuTests.swift; sourceTree = "<group>"; };
		60372BFD6D7CCC98EA84A133 /* Settings.swift */ = {isa = PBXFileReference; fileEncoding = 4; lastKnownFileType = sourcecode.swift; path = Settings.swift; sourceTree = "<group>"; };
		60372C75B7404CD3AADCC77A /* RelativePos.swift */ = {isa = PBXFileReference; fileEncoding = 4; lastKnownFileType = sourcecode.swift; path = RelativePos.swift; sourceTree = "<group>"; };
		60372CAF8C4CD3A3F0C18B5B /* Dictionary.swift */ = {isa = PBXFileReference; fileEncoding = 4; lastKnownFileType = sourcecode.swift; path = Dictionary.swift; sourceTree = "<group>"; };
		60372CDD752B72E6D5735D9C /* Info.plist */ = {isa = PBXFileReference; lastKnownFileType = text.plist.info; path = Info.plist; sourceTree = "<group>"; };
		60372CE5DFBCF586AEEBB314 /* DestroyOnCollideComponent.swift */ = {isa = PBXFileReference; fileEncoding = 4; lastKnownFileType = sourcecode.swift; path = DestroyOnCollideComponent.swift; sourceTree = "<group>"; };
		60372D6AFCE54D359FA57533 /* TileTemplate.swift */ = {isa = PBXFileReference; fileEncoding = 4; lastKnownFileType = sourcecode.swift; path = TileTemplate.swift; sourceTree = "<group>"; };
		60372D7F7A5B342C08A7C630 /* Publisher.swift */ = {isa = PBXFileReference; fileEncoding = 4; lastKnownFileType = sourcecode.swift; path = Publisher.swift; sourceTree = "<group>"; };
		60372D7F90C80393B2872D13 /* MapTable.swift */ = {isa = PBXFileReference; fileEncoding = 4; lastKnownFileType = sourcecode.swift; path = MapTable.swift; sourceTree = "<group>"; };
		60372F2656B49C3F0C65A5B1 /* LocationSystem.swift */ = {isa = PBXFileReference; fileEncoding = 4; lastKnownFileType = sourcecode.swift; path = LocationSystem.swift; sourceTree = "<group>"; };
		60372F8C49AC2D64B6F4CFF0 /* World.swift */ = {isa = PBXFileReference; fileEncoding = 4; lastKnownFileType = sourcecode.swift; path = World.swift; sourceTree = "<group>"; };
		60372FD98BBCF35967E69D56 /* MovementSystem.swift */ = {isa = PBXFileReference; fileEncoding = 4; lastKnownFileType = sourcecode.swift; path = MovementSystem.swift; sourceTree = "<group>"; };
/* End PBXFileReference section */

/* Begin PBXFrameworksBuildPhase section */
		603726E45AB82EEB79E39668 /* Frameworks */ = {
			isa = PBXFrameworksBuildPhase;
			buildActionMask = 2147483647;
			files = (
			);
			runOnlyForDeploymentPostprocessing = 0;
		};
		603729D4CBC11B7A049827F2 /* Frameworks */ = {
			isa = PBXFrameworksBuildPhase;
			buildActionMask = 2147483647;
			files = (
			);
			runOnlyForDeploymentPostprocessing = 0;
		};
		60372DDE6671C2F7C61960B5 /* Frameworks */ = {
			isa = PBXFrameworksBuildPhase;
			buildActionMask = 2147483647;
			files = (
			);
			runOnlyForDeploymentPostprocessing = 0;
		};
/* End PBXFrameworksBuildPhase section */

/* Begin PBXGroup section */
		603720DBB8E82FD6D5549D89 /* Square-jitsu */ = {
			isa = PBXGroup;
			children = (
				603724F792FFFC571B233675 /* Info.plist */,
				6037263A1644D352F65BEE68 /* Assets.xcassets */,
				603724A711AB7B35515C30DC /* LaunchScreen.storyboard */,
				60372BF55B9BD2D1F0B40775 /* Main.storyboard */,
				60372537625ADE51B6662999 /* Source */,
				60372AB920AD7926222FB919 /* Resources */,
			);
			path = "Square-jitsu";
			sourceTree = "<group>";
		};
		603721527F4E751E42D43568 /* Products */ = {
			isa = PBXGroup;
			children = (
				603720FFB75D9097ED1E756A /* Square-jitsu.app */,
				603727CF07240896178D40C5 /* Square-jitsuTests.xctest */,
				6037281F4725D9A31589219A /* Square-jitsuUITests.xctest */,
			);
			name = Products;
			sourceTree = "<group>";
		};
		60372349519A8824263D03CE /* Geometry */ = {
			isa = PBXGroup;
			children = (
				60372C131BFF83DFC4DF11F1 /* Direction */,
				603723E11DC58743C396CADA /* Line.swift */,
				603721CDC3EB0C1AFDF84EA8 /* Constants.swift */,
			);
			path = Geometry;
			sourceTree = "<group>";
		};
		603723AB2DA669704C5EA1B0 /* Square-jitsuTests */ = {
			isa = PBXGroup;
			children = (
				60372CDD752B72E6D5735D9C /* Info.plist */,
				60372BC9DEB0467C3EE9E02F /* Square_jitsuTests.swift */,
				6037286E3A0D5B3FD02DC097 /* Resources */,
			);
			path = "Square-jitsuTests";
			sourceTree = "<group>";
		};
		603723C406D7953E00173FEA /* Tile */ = {
			isa = PBXGroup;
			children = (
				6037207424AF46F4BF526BF8 /* TileType.swift */,
				603725454221FC6F401669AD /* TileSmallType.swift */,
				6037201486D3725D2522E588 /* TileBigType.swift */,
				603728CF7A09F15C72F8BE63 /* Tile.swift */,
				6037204504157837014A30A0 /* TileId.swift */,
				6037222105002ACD47BF2703 /* TileMetadata.swift */,
				6037244609178983ABF9A3B3 /* ShurikenMetadata.swift */,
				603726D514A00370B00D16B9 /* PlayerMetadata.swift */,
				603721ABE8C69E34AFB7A2A4 /* EnemyMetadata.swift */,
				6037258A83C086CE17FC8696 /* TileTypeMap.swift */,
			);
			path = Tile;
			sourceTree = "<group>";
		};
		603723EC8B60AD4BA303B6A7 = {
			isa = PBXGroup;
			children = (
				603721527F4E751E42D43568 /* Products */,
				603720DBB8E82FD6D5549D89 /* Square-jitsu */,
				603723AB2DA669704C5EA1B0 /* Square-jitsuTests */,
				6037266225B3E789C93CEA72 /* Square-jitsuUITests */,
				6037288B5F7A8BAFB33DBD1F /* .gitignore */,
				60372003FFB3BD2833E61FB7 /* package.json */,
				60372D41E9D7BEB545EA6B09 /* DevTools */,
			);
			sourceTree = "<group>";
		};
		60372537625ADE51B6662999 /* Source */ = {
			isa = PBXGroup;
			children = (
				603727C86AFF204EEC3DAAB5 /* Misc */,
				60372DA3E819D7239ABD1A83 /* Game */,
				603725CBEA2D8AB87586C8FB /* Presentation */,
			);
			path = Source;
			sourceTree = "<group>";
		};
		603725CBEA2D8AB87586C8FB /* Presentation */ = {
			isa = PBXGroup;
			children = (
				603728B9CC00445233EAD326 /* GameScene.swift */,
				60372ADCA9105A718016B0CF /* GameViewController.swift */,
				603723E2802AFAD5947B6A16 /* AppDelegate.swift */,
				60372AEDAC463B2FA0CA5B54 /* WorldController.swift */,
				60372B848C62B50F19E2A43D /* FixedUpdater.swift */,
			);
			path = Presentation;
			sourceTree = "<group>";
		};
		603725F5A3C7DEF87FC5CDF2 /* Views */ = {
			isa = PBXGroup;
			children = (
				6037202092A585319A6389BC /* TileView.swift */,
				60372D6AFCE54D359FA57533 /* TileTemplate.swift */,
				603722995456B1959BEBF402 /* View.swift */,
				60372372C8C6F8044942C5DD /* ChunkView.swift */,
				6037257B2CA60E40782FD161 /* WorldView.swift */,
				60372BA5B3D93AD90F692624 /* StaticTileTemplate.swift */,
			);
			path = Views;
			sourceTree = "<group>";
		};
		6037266225B3E789C93CEA72 /* Square-jitsuUITests */ = {
			isa = PBXGroup;
			children = (
				60372B84F37E13FD7099882A /* Info.plist */,
				6037260087AD070442393B87 /* Square_jitsuUITests.swift */,
			);
			path = "Square-jitsuUITests";
			sourceTree = "<group>";
		};
		603727C86AFF204EEC3DAAB5 /* Misc */ = {
			isa = PBXGroup;
			children = (
				603728978050FC7F963BFAF0 /* Extensions */,
				60372146CC14CBAFDE4818B7 /* Observable.swift */,
				60372D7F7A5B342C08A7C630 /* Publisher.swift */,
				60372D7F90C80393B2872D13 /* MapTable.swift */,
				603728AE62862305FF05978B /* HasDefault.swift */,
			);
			path = Misc;
			sourceTree = "<group>";
		};
		6037286BE68131FD1B75A9CC /* Components */ = {
			isa = PBXGroup;
			children = (
				603722BBFF197F422108635C /* MovingComponent.swift */,
				6037266B9C9B9031878FF6ED /* PhysicsComponent.swift */,
				60372CE5DFBCF586AEEBB314 /* DestroyOnCollideComponent.swift */,
				603728ABFDD7DE0ABDF697FC /* LocationComponent.swift */,
			);
			path = Components;
			sourceTree = "<group>";
		};
		603728978050FC7F963BFAF0 /* Extensions */ = {
			isa = PBXGroup;
			children = (
				60372A70EAB3F8CC4BADC36D /* CGPoint.swift */,
				6037263EFB615B07FCEA2915 /* Array.swift */,
				603724BD230617172A7D7871 /* CGFloat.swift */,
				60372CAF8C4CD3A3F0C18B5B /* Dictionary.swift */,
				603723A74864BBCB2355887F /* CGSize.swift */,
			);
			path = Extensions;
			sourceTree = "<group>";
		};
		60372AAD2E27592F6983DBD9 /* Systems */ = {
			isa = PBXGroup;
			children = (
				60372F2656B49C3F0C65A5B1 /* LocationSystem.swift */,
				6037297B56E10D29A04EE356 /* CollisionSystem.swift */,
				60372FD98BBCF35967E69D56 /* MovementSystem.swift */,
				603720DCBEEC95F7BD155D5F /* System.swift */,
			);
			path = Systems;
			sourceTree = "<group>";
		};
		60372B6F9B263ADEB0A7B3A2 /* SpriteKitSubclasses */ = {
			isa = PBXGroup;
			children = (
			);
			path = SpriteKitSubclasses;
			sourceTree = "<group>";
		};
		60372BAAD8F03833EBD8677A /* ECS */ = {
			isa = PBXGroup;
			children = (
				6037286BE68131FD1B75A9CC /* Components */,
				60372AAD2E27592F6983DBD9 /* Systems */,
				6037254EE8CE82E058CBC515 /* Entity.swift */,
			);
			path = ECS;
			sourceTree = "<group>";
		};
		60372C131BFF83DFC4DF11F1 /* Direction */ = {
			isa = PBXGroup;
			children = (
				60372571C481CF9573B6E0B8 /* Angle.swift */,
				603727D290E27DBAB7CE1186 /* Corner.swift */,
				60372AE8E35F7CC3EC73C9F6 /* Side.swift */,
				603723AF4202D6524E42E42F /* CornerSet.swift */,
				60372B6EADAA22B93A11AEC2 /* SideSet.swift */,
			);
			path = Direction;
			sourceTree = "<group>";
		};
		60372C36AC4075DE5F6C376E /* World */ = {
			isa = PBXGroup;
			children = (
				603723D3834A2F06FDDE9A22 /* ChunkTilePos.swift */,
				603722B5B2A99FF176875C6C /* Chunk.swift */,
				60372F8C49AC2D64B6F4CFF0 /* World.swift */,
				603727660D0A52C0C2157F1E /* WorldTilePos.swift */,
				60372A108D2BDC7FDCAE7009 /* WorldChunkPos.swift */,
				60372C75B7404CD3AADCC77A /* RelativePos.swift */,
				603729D266E508421F2C97DF /* WorldLoader.swift */,
				60372BC00CD91D7983BFE0DA /* DummyWorldLoader.swift */,
				6037261E692E12FACA86C3D9 /* ChunkObservable.swift */,
				60372986A96CE7A3D783AE46 /* ChunkMatrix.swift */,
			);
			path = World;
			sourceTree = "<group>";
		};
		60372D41E9D7BEB545EA6B09 /* DevTools */ = {
			isa = PBXGroup;
			children = (
				60372436CF4F912E3CFF2A33 /* Generate8Atlases.mjs */,
			);
			path = DevTools;
			sourceTree = "<group>";
		};
		60372DA3E819D7239ABD1A83 /* Game */ = {
			isa = PBXGroup;
			children = (
				60372349519A8824263D03CE /* Geometry */,
				60372C36AC4075DE5F6C376E /* World */,
				603723C406D7953E00173FEA /* Tile */,
				603725F5A3C7DEF87FC5CDF2 /* Views */,
				60372BAAD8F03833EBD8677A /* ECS */,
				60372B6F9B263ADEB0A7B3A2 /* SpriteKitSubclasses */,
				60372BFD6D7CCC98EA84A133 /* Settings.swift */,
			);
			path = Game;
			sourceTree = "<group>";
		};
/* End PBXGroup section */

/* Begin PBXNativeTarget section */
		6037277A33C7A3B2A7A52700 /* Square-jitsuTests */ = {
			isa = PBXNativeTarget;
			buildConfigurationList = 60372CBAE0EC06BEEC9B0839 /* Build configuration list for PBXNativeTarget "Square-jitsuTests" */;
			buildPhases = (
				603722E99728FC5738BAE1BB /* Sources */,
				60372DDE6671C2F7C61960B5 /* Frameworks */,
				6037225AB74CC20C50358EC0 /* Resources */,
			);
			buildRules = (
			);
			dependencies = (
				6037252C7F3698140AAF212D /* PBXTargetDependency */,
			);
			name = "Square-jitsuTests";
			productName = "Square-jitsuTests";
			productReference = 603727CF07240896178D40C5 /* Square-jitsuTests.xctest */;
			productType = "com.apple.product-type.bundle.unit-test";
		};
		60372A61FB945561262E7FA5 /* Square-jitsu */ = {
			isa = PBXNativeTarget;
			buildConfigurationList = 60372D93AD07FFF68222DD50 /* Build configuration list for PBXNativeTarget "Square-jitsu" */;
			buildPhases = (
				60372D80C9047FD01110F721 /* Sources */,
				603726E45AB82EEB79E39668 /* Frameworks */,
				60372CB7BF2D8693709977B9 /* Resources */,
			);
			buildRules = (
			);
			dependencies = (
			);
			name = "Square-jitsu";
			productName = "Square-jitsu";
			productReference = 603720FFB75D9097ED1E756A /* Square-jitsu.app */;
			productType = "com.apple.product-type.application";
		};
		60372E26CB94E935AE24B226 /* Square-jitsuUITests */ = {
			isa = PBXNativeTarget;
			buildConfigurationList = 603729AC9303222D4C47D0BA /* Build configuration list for PBXNativeTarget "Square-jitsuUITests" */;
			buildPhases = (
				603729265CC604CD8DCDA67E /* Sources */,
				603729D4CBC11B7A049827F2 /* Frameworks */,
				6037274239BD476C9A166B20 /* Resources */,
			);
			buildRules = (
			);
			dependencies = (
				60372F1990CF0F00FC7815DF /* PBXTargetDependency */,
			);
			name = "Square-jitsuUITests";
			productName = "Square-jitsuUITests";
			productReference = 6037281F4725D9A31589219A /* Square-jitsuUITests.xctest */;
			productType = "com.apple.product-type.bundle.ui-testing";
		};
/* End PBXNativeTarget section */

/* Begin PBXProject section */
		60372182C8396189B0B10819 /* Project object */ = {
			isa = PBXProject;
			attributes = {
				ORGANIZATIONNAME = Jakobeha;
				TargetAttributes = {
					60372A61FB945561262E7FA5 = {
						DevelopmentTeam = 5HTYFH877E;
					};
				};
			};
			buildConfigurationList = 60372F9F4C568372C77333AF /* Build configuration list for PBXProject "Square-jitsu" */;
			compatibilityVersion = "Xcode 3.2";
			developmentRegion = English;
			hasScannedForEncodings = 0;
			knownRegions = (
				English,
				en,
				Base,
			);
			mainGroup = 603723EC8B60AD4BA303B6A7;
			productRefGroup = 603721527F4E751E42D43568 /* Products */;
			projectDirPath = "";
			projectRoot = "";
			targets = (
				60372A61FB945561262E7FA5 /* Square-jitsu */,
				6037277A33C7A3B2A7A52700 /* Square-jitsuTests */,
				60372E26CB94E935AE24B226 /* Square-jitsuUITests */,
			);
		};
/* End PBXProject section */

/* Begin PBXResourcesBuildPhase section */
		6037225AB74CC20C50358EC0 /* Resources */ = {
			isa = PBXResourcesBuildPhase;
			buildActionMask = 2147483647;
			files = (
			);
			runOnlyForDeploymentPostprocessing = 0;
		};
		6037274239BD476C9A166B20 /* Resources */ = {
			isa = PBXResourcesBuildPhase;
			buildActionMask = 2147483647;
			files = (
			);
			runOnlyForDeploymentPostprocessing = 0;
		};
		60372CB7BF2D8693709977B9 /* Resources */ = {
			isa = PBXResourcesBuildPhase;
			buildActionMask = 2147483647;
			files = (
				60372F39BF1F217F91DE5885 /* Assets.xcassets in Resources */,
				60372CDD02C0A8324A69A253 /* LaunchScreen.storyboard in Resources */,
				60372342ADB20DA673105FDE /* Main.storyboard in Resources */,
				60372A449C3296D1A86EA5AB /* Resources in Resources */,
				603727B040686985805F6CCF /* Resources in Resources */,
			);
			runOnlyForDeploymentPostprocessing = 0;
		};
/* End PBXResourcesBuildPhase section */

/* Begin PBXSourcesBuildPhase section */
		603722E99728FC5738BAE1BB /* Sources */ = {
			isa = PBXSourcesBuildPhase;
			buildActionMask = 2147483647;
			files = (
				603728CDCB27F4B4EC454AC3 /* Square_jitsuTests.swift in Sources */,
			);
			runOnlyForDeploymentPostprocessing = 0;
		};
		603729265CC604CD8DCDA67E /* Sources */ = {
			isa = PBXSourcesBuildPhase;
			buildActionMask = 2147483647;
			files = (
				60372167C32936885C31DBC1 /* Square_jitsuUITests.swift in Sources */,
			);
			runOnlyForDeploymentPostprocessing = 0;
		};
		60372D80C9047FD01110F721 /* Sources */ = {
			isa = PBXSourcesBuildPhase;
			buildActionMask = 2147483647;
			files = (
				60372AF7D6E7D8008E6661A8 /* CGPoint.swift in Sources */,
				60372276813626DA0ED511E9 /* Array.swift in Sources */,
				603726F55CF8C89F226864BB /* CGFloat.swift in Sources */,
				603727E797D30C1070912880 /* Dictionary.swift in Sources */,
				603722508C3C8563153BA05E /* Observable.swift in Sources */,
				6037279DA25FB1A1C32CA8C3 /* Publisher.swift in Sources */,
				6037241253CAC34C4C70122D /* MapTable.swift in Sources */,
				60372C4B5B98EA76FAA99A82 /* HasDefault.swift in Sources */,
				60372BCA9D5B050BF4D7663A /* CGSize.swift in Sources */,
				603724319B6377AE0E345281 /* Angle.swift in Sources */,
				603725EEF59014703D6C7EE3 /* Corner.swift in Sources */,
				60372EAF9064D01087AF2493 /* Side.swift in Sources */,
				60372EB18B5259A7E77C3616 /* CornerSet.swift in Sources */,
				60372BCD414CE2376CBD7BCE /* SideSet.swift in Sources */,
				603720EED3432D225D4AB28A /* Line.swift in Sources */,
				603725E0DB1815DAEAD7351D /* Constants.swift in Sources */,
				60372EF6D7C7197FBB310A6C /* ChunkTilePos.swift in Sources */,
				6037298C3276BAF0CD7CBCC2 /* Chunk.swift in Sources */,
				60372125DF2FB2566A36CFBA /* World.swift in Sources */,
				60372DE595C100F89052EBB7 /* WorldTilePos.swift in Sources */,
				603726DB860034EB44DDA8B8 /* WorldChunkPos.swift in Sources */,
				603721A38933735C194C0934 /* RelativePos.swift in Sources */,
				603720E6A5314424D69B299C /* WorldLoader.swift in Sources */,
				60372F51314F727BE6E87762 /* DummyWorldLoader.swift in Sources */,
				60372AF70D69C8CF21D3BA39 /* ChunkObservable.swift in Sources */,
				603724EDF0404D24F438ECB0 /* ChunkMatrix.swift in Sources */,
				6037268742F999E9E7BB6411 /* TileType.swift in Sources */,
				60372D8DCE62C825351080B3 /* TileSmallType.swift in Sources */,
				603720054210527C6A6FC624 /* TileBigType.swift in Sources */,
				60372644FA68FCA68DADDE4E /* Tile.swift in Sources */,
				60372DDECA137509BD947013 /* TileId.swift in Sources */,
				603726F658D4DCF73B5D2BA2 /* TileMetadata.swift in Sources */,
				60372E764E50175F0C612B0B /* ShurikenMetadata.swift in Sources */,
				60372239A7B0BC495D8F9B6E /* PlayerMetadata.swift in Sources */,
				603723D21EB6F6F466BA516C /* EnemyMetadata.swift in Sources */,
				603720A74C1D8956A66DF787 /* TileTypeMap.swift in Sources */,
				60372992AD1C7F717B5B4EA9 /* TileView.swift in Sources */,
				60372824C529BE305EBFFA67 /* TileTemplate.swift in Sources */,
				603727338DBAC686B956D941 /* View.swift in Sources */,
				60372786285BD054C6241A10 /* ChunkView.swift in Sources */,
				6037288726D1D59D200EF215 /* WorldView.swift in Sources */,
				603727ED4FBFC4FFBC33AD45 /* StaticTileTemplate.swift in Sources */,
				603727BED938A552AF43FF2D /* MovingComponent.swift in Sources */,
				60372D28FFFABB395BF29CDD /* PhysicsComponent.swift in Sources */,
				603722F5C23636D121B24F46 /* DestroyOnCollideComponent.swift in Sources */,
				60372AE90D5211BF33A045B6 /* LocationComponent.swift in Sources */,
				603727FF3AE03B2110F660BF /* LocationSystem.swift in Sources */,
				603725CC3E5CDA1C98D646A7 /* CollisionSystem.swift in Sources */,
				60372419359D2E15787CE14C /* MovementSystem.swift in Sources */,
				6037245EB2FC240589BCE506 /* System.swift in Sources */,
				60372E316B1C7822E2319C15 /* Entity.swift in Sources */,
				6037265D6EBD6216A53C572A /* Settings.swift in Sources */,
				6037288CD7D975A5BE18DBFA /* GameScene.swift in Sources */,
				60372E330E4B14EA7E5FB9B8 /* GameViewController.swift in Sources */,
				6037290ABE9499D36BE5152B /* AppDelegate.swift in Sources */,
				60372236F8E6887549A5ABA4 /* WorldController.swift in Sources */,
				60372911DAC441DD6A10559B /* FixedUpdater.swift in Sources */,
			);
			runOnlyForDeploymentPostprocessing = 0;
		};
/* End PBXSourcesBuildPhase section */

/* Begin PBXTargetDependency section */
		6037252C7F3698140AAF212D /* PBXTargetDependency */ = {
			isa = PBXTargetDependency;
			target = 60372A61FB945561262E7FA5 /* Square-jitsu */;
			targetProxy = 6037290D06CA9A5CC26B6E3D /* PBXContainerItemProxy */;
		};
		60372F1990CF0F00FC7815DF /* PBXTargetDependency */ = {
			isa = PBXTargetDependency;
			target = 60372A61FB945561262E7FA5 /* Square-jitsu */;
			targetProxy = 60372370B673AD08A6A1B621 /* PBXContainerItemProxy */;
		};
/* End PBXTargetDependency section */

/* Begin PBXVariantGroup section */
		603724A711AB7B35515C30DC /* LaunchScreen.storyboard */ = {
			isa = PBXVariantGroup;
			children = (
				60372956BADBA2EBA00E5739 /* Base */,
			);
			name = LaunchScreen.storyboard;
			sourceTree = "<group>";
		};
		60372BF55B9BD2D1F0B40775 /* Main.storyboard */ = {
			isa = PBXVariantGroup;
			children = (
				6037206ED1F0DB80723E4B74 /* Base */,
			);
			name = Main.storyboard;
			sourceTree = "<group>";
		};
/* End PBXVariantGroup section */

/* Begin XCBuildConfiguration section */
		6037225CC515ECE203DC8C91 /* Debug */ = {
			isa = XCBuildConfiguration;
			buildSettings = {
				INFOPLIST_FILE = "Square-jitsuUITests/Info.plist";
				LD_RUNPATH_SEARCH_PATHS = "$(inherited) @executable_path/Frameworks @loader_path/Frameworks";
				PRODUCT_BUNDLE_IDENTIFIER = "jakobeha.Square-jitsuUITests";
				PRODUCT_NAME = "$(TARGET_NAME)";
				SWIFT_VERSION = 5.0;
				TARGETED_DEVICE_FAMILY = "1,2";
				TEST_TARGET_NAME = "Square-jitsu";
			};
			name = Debug;
		};
		603722F93C2F41B37F13C182 /* Debug */ = {
			isa = XCBuildConfiguration;
			buildSettings = {
				ALWAYS_SEARCH_USER_PATHS = NO;
				CLANG_ANALYZER_NONNULL = YES;
				CLANG_ANALYZER_NUMBER_OBJECT_CONVERSION = YES_AGGRESSIVE;
				CLANG_CXX_LANGUAGE_STANDARD = "gnu++14";
				CLANG_CXX_LIBRARY = "libc++";
				CLANG_ENABLE_MODULES = YES;
				CLANG_ENABLE_OBJC_ARC = YES;
				CLANG_ENABLE_OBJC_WEAK = YES;
				CLANG_WARN_BLOCK_CAPTURE_AUTORELEASING = YES;
				CLANG_WARN_BOOL_CONVERSION = YES;
				CLANG_WARN_COMMA = YES;
				CLANG_WARN_CONSTANT_CONVERSION = YES;
				CLANG_WARN_DEPRECATED_OBJC_IMPLEMENTATIONS = YES;
				CLANG_WARN_DIRECT_OBJC_ISA_USAGE = YES_ERROR;
				CLANG_WARN_DOCUMENTATION_COMMENTS = YES;
				CLANG_WARN_EMPTY_BODY = YES;
				CLANG_WARN_ENUM_CONVERSION = YES;
				CLANG_WARN_INFINITE_RECURSION = YES;
				CLANG_WARN_INT_CONVERSION = YES;
				CLANG_WARN_NON_LITERAL_NULL_CONVERSION = YES;
				CLANG_WARN_OBJC_IMPLICIT_RETAIN_SELF = YES;
				CLANG_WARN_OBJC_LITERAL_CONVERSION = YES;
				CLANG_WARN_OBJC_ROOT_CLASS = YES_ERROR;
				CLANG_WARN_RANGE_LOOP_ANALYSIS = YES;
				CLANG_WARN_STRICT_PROTOTYPES = YES;
				CLANG_WARN_SUSPICIOUS_MOVE = YES;
				CLANG_WARN_UNGUARDED_AVAILABILITY = YES_AGGRESSIVE;
				CLANG_WARN_UNREACHABLE_CODE = YES;
				CLANG_WARN__DUPLICATE_METHOD_MATCH = YES;
				COPY_PHASE_STRIP = NO;
				DEBUG_INFORMATION_FORMAT = dwarf;
				ENABLE_STRICT_OBJC_MSGSEND = YES;
				ENABLE_TESTABILITY = YES;
				GCC_C_LANGUAGE_STANDARD = gnu11;
				GCC_DYNAMIC_NO_PIC = NO;
				GCC_NO_COMMON_BLOCKS = YES;
				GCC_OPTIMIZATION_LEVEL = 0;
				GCC_PREPROCESSOR_DEFINITIONS = (
					"DEBUG=1",
					"$(inherited)",
				);
				GCC_WARN_64_TO_32_BIT_CONVERSION = YES;
				GCC_WARN_ABOUT_RETURN_TYPE = YES_ERROR;
				GCC_WARN_UNDECLARED_SELECTOR = YES;
				GCC_WARN_UNINITIALIZED_AUTOS = YES_AGGRESSIVE;
				GCC_WARN_UNUSED_FUNCTION = YES;
				GCC_WARN_UNUSED_VARIABLE = YES;
				IPHONEOS_DEPLOYMENT_TARGET = 13.4;
				MTL_ENABLE_DEBUG_INFO = INCLUDE_SOURCE;
				MTL_FAST_MATH = YES;
				ONLY_ACTIVE_ARCH = YES;
				SDKROOT = iphoneos;
				SWIFT_ACTIVE_COMPILATION_CONDITIONS = DEBUG;
				SWIFT_OPTIMIZATION_LEVEL = "-Onone";
			};
			name = Debug;
		};
		603725A0D829D1004E28D378 /* Debug */ = {
			isa = XCBuildConfiguration;
			buildSettings = {
				ASSETCATALOG_COMPILER_APPICON_NAME = AppIcon;
				DEVELOPMENT_TEAM = 5HTYFH877E;
				INFOPLIST_FILE = "Square-jitsu/Info.plist";
				LD_RUNPATH_SEARCH_PATHS = "$(inherited) @executable_path/Frameworks";
				PRODUCT_BUNDLE_IDENTIFIER = "jakobeha.Square-jitsu";
				PRODUCT_NAME = "$(TARGET_NAME)";
				SWIFT_VERSION = 5.0;
				TARGETED_DEVICE_FAMILY = "1,2";
			};
			name = Debug;
		};
		60372676BB43D822DD21B5EE /* Release */ = {
			isa = XCBuildConfiguration;
			buildSettings = {
				INFOPLIST_FILE = "Square-jitsuUITests/Info.plist";
				LD_RUNPATH_SEARCH_PATHS = "$(inherited) @executable_path/Frameworks @loader_path/Frameworks";
				PRODUCT_BUNDLE_IDENTIFIER = "jakobeha.Square-jitsuUITests";
				PRODUCT_NAME = "$(TARGET_NAME)";
				SWIFT_VERSION = 5.0;
				TARGETED_DEVICE_FAMILY = "1,2";
				TEST_TARGET_NAME = "Square-jitsu";
			};
			name = Release;
		};
		603727ADF05FE9F80D922306 /* Release */ = {
			isa = XCBuildConfiguration;
			buildSettings = {
				BUNDLE_LOADER = "$(BUILT_PRODUCTS_DIR)/Square-jitsu.app/Square-jitsu";
				INFOPLIST_FILE = "Square-jitsuTests/Info.plist";
				LD_RUNPATH_SEARCH_PATHS = "$(inherited) @executable_path/Frameworks @loader_path/Frameworks";
				PRODUCT_BUNDLE_IDENTIFIER = "jakobeha.Square-jitsuTests";
				PRODUCT_NAME = "$(TARGET_NAME)";
				SWIFT_VERSION = 5.0;
				TARGETED_DEVICE_FAMILY = "1,2";
				TEST_HOST = "$(BUNDLE_LOADER)";
			};
			name = Release;
		};
		60372A2196026199623777E3 /* Release */ = {
			isa = XCBuildConfiguration;
			buildSettings = {
				ASSETCATALOG_COMPILER_APPICON_NAME = AppIcon;
				DEVELOPMENT_TEAM = 5HTYFH877E;
				INFOPLIST_FILE = "Square-jitsu/Info.plist";
				LD_RUNPATH_SEARCH_PATHS = "$(inherited) @executable_path/Frameworks";
				PRODUCT_BUNDLE_IDENTIFIER = "jakobeha.Square-jitsu";
				PRODUCT_NAME = "$(TARGET_NAME)";
				SWIFT_VERSION = 5.0;
				TARGETED_DEVICE_FAMILY = "1,2";
			};
			name = Release;
		};
		60372F8A8F3C3702B3D3C7D6 /* Release */ = {
			isa = XCBuildConfiguration;
			buildSettings = {
				ALWAYS_SEARCH_USER_PATHS = NO;
				CLANG_ANALYZER_NONNULL = YES;
				CLANG_ANALYZER_NUMBER_OBJECT_CONVERSION = YES_AGGRESSIVE;
				CLANG_CXX_LANGUAGE_STANDARD = "gnu++14";
				CLANG_CXX_LIBRARY = "libc++";
				CLANG_ENABLE_MODULES = YES;
				CLANG_ENABLE_OBJC_ARC = YES;
				CLANG_ENABLE_OBJC_WEAK = YES;
				CLANG_WARN_BLOCK_CAPTURE_AUTORELEASING = YES;
				CLANG_WARN_BOOL_CONVERSION = YES;
				CLANG_WARN_COMMA = YES;
				CLANG_WARN_CONSTANT_CONVERSION = YES;
				CLANG_WARN_DEPRECATED_OBJC_IMPLEMENTATIONS = YES;
				CLANG_WARN_DIRECT_OBJC_ISA_USAGE = YES_ERROR;
				CLANG_WARN_DOCUMENTATION_COMMENTS = YES;
				CLANG_WARN_EMPTY_BODY = YES;
				CLANG_WARN_ENUM_CONVERSION = YES;
				CLANG_WARN_INFINITE_RECURSION = YES;
				CLANG_WARN_INT_CONVERSION = YES;
				CLANG_WARN_NON_LITERAL_NULL_CONVERSION = YES;
				CLANG_WARN_OBJC_IMPLICIT_RETAIN_SELF = YES;
				CLANG_WARN_OBJC_LITERAL_CONVERSION = YES;
				CLANG_WARN_OBJC_ROOT_CLASS = YES_ERROR;
				CLANG_WARN_RANGE_LOOP_ANALYSIS = YES;
				CLANG_WARN_STRICT_PROTOTYPES = YES;
				CLANG_WARN_SUSPICIOUS_MOVE = YES;
				CLANG_WARN_UNGUARDED_AVAILABILITY = YES_AGGRESSIVE;
				CLANG_WARN_UNREACHABLE_CODE = YES;
				CLANG_WARN__DUPLICATE_METHOD_MATCH = YES;
				COPY_PHASE_STRIP = NO;
				DEBUG_INFORMATION_FORMAT = "dwarf-with-dsym";
				ENABLE_NS_ASSERTIONS = NO;
				ENABLE_STRICT_OBJC_MSGSEND = YES;
				GCC_C_LANGUAGE_STANDARD = gnu11;
				GCC_NO_COMMON_BLOCKS = YES;
				GCC_WARN_64_TO_32_BIT_CONVERSION = YES;
				GCC_WARN_ABOUT_RETURN_TYPE = YES_ERROR;
				GCC_WARN_UNDECLARED_SELECTOR = YES;
				GCC_WARN_UNINITIALIZED_AUTOS = YES_AGGRESSIVE;
				GCC_WARN_UNUSED_FUNCTION = YES;
				GCC_WARN_UNUSED_VARIABLE = YES;
				IPHONEOS_DEPLOYMENT_TARGET = 13.4;
				MTL_ENABLE_DEBUG_INFO = NO;
				MTL_FAST_MATH = YES;
				SDKROOT = iphoneos;
				SWIFT_OPTIMIZATION_LEVEL = "-Owholemodule";
				VALIDATE_PRODUCT = YES;
			};
			name = Release;
		};
		60372FE166E1C0617C743437 /* Debug */ = {
			isa = XCBuildConfiguration;
			buildSettings = {
				BUNDLE_LOADER = "$(BUILT_PRODUCTS_DIR)/Square-jitsu.app/Square-jitsu";
				INFOPLIST_FILE = "Square-jitsuTests/Info.plist";
				LD_RUNPATH_SEARCH_PATHS = "$(inherited) @executable_path/Frameworks @loader_path/Frameworks";
				PRODUCT_BUNDLE_IDENTIFIER = "jakobeha.Square-jitsuTests";
				PRODUCT_NAME = "$(TARGET_NAME)";
				SWIFT_VERSION = 5.0;
				TARGETED_DEVICE_FAMILY = "1,2";
				TEST_HOST = "$(BUNDLE_LOADER)";
			};
			name = Debug;
		};
/* End XCBuildConfiguration section */

/* Begin XCConfigurationList section */
		603729AC9303222D4C47D0BA /* Build configuration list for PBXNativeTarget "Square-jitsuUITests" */ = {
			isa = XCConfigurationList;
			buildConfigurations = (
				6037225CC515ECE203DC8C91 /* Debug */,
				60372676BB43D822DD21B5EE /* Release */,
			);
			defaultConfigurationIsVisible = 0;
			defaultConfigurationName = Release;
		};
		60372CBAE0EC06BEEC9B0839 /* Build configuration list for PBXNativeTarget "Square-jitsuTests" */ = {
			isa = XCConfigurationList;
			buildConfigurations = (
				60372FE166E1C0617C743437 /* Debug */,
				603727ADF05FE9F80D922306 /* Release */,
			);
			defaultConfigurationIsVisible = 0;
			defaultConfigurationName = Release;
		};
		60372D93AD07FFF68222DD50 /* Build configuration list for PBXNativeTarget "Square-jitsu" */ = {
			isa = XCConfigurationList;
			buildConfigurations = (
				603725A0D829D1004E28D378 /* Debug */,
				60372A2196026199623777E3 /* Release */,
			);
			defaultConfigurationIsVisible = 0;
			defaultConfigurationName = Release;
		};
		60372F9F4C568372C77333AF /* Build configuration list for PBXProject "Square-jitsu" */ = {
			isa = XCConfigurationList;
			buildConfigurations = (
				603722F93C2F41B37F13C182 /* Debug */,
				60372F8A8F3C3702B3D3C7D6 /* Release */,
			);
			defaultConfigurationIsVisible = 0;
			defaultConfigurationName = Release;
		};
/* End XCConfigurationList section */
	};
	rootObject = 60372182C8396189B0B10819 /* Project object */;
}
